// !$*UTF8*$!
{
	archiveVersion = 1;
	classes = {
	};
	objectVersion = 50;
	objects = {

/* Begin PBXBuildFile section */
		1AB21A062390099E0041210E /* AppDelegate.m in Sources */ = {isa = PBXBuildFile; fileRef = 1AB21A052390099E0041210E /* AppDelegate.m */; };
		1AB21A092390099E0041210E /* SceneDelegate.m in Sources */ = {isa = PBXBuildFile; fileRef = 1AB21A082390099E0041210E /* SceneDelegate.m */; };
		1AB21A0C2390099E0041210E /* ViewController.m in Sources */ = {isa = PBXBuildFile; fileRef = 1AB21A0B2390099E0041210E /* ViewController.m */; };
		1AB21A0F2390099E0041210E /* Main.storyboard in Resources */ = {isa = PBXBuildFile; fileRef = 1AB21A0D2390099E0041210E /* Main.storyboard */; };
		1AB21A112390099F0041210E /* Assets.xcassets in Resources */ = {isa = PBXBuildFile; fileRef = 1AB21A102390099F0041210E /* Assets.xcassets */; };
		1AB21A142390099F0041210E /* LaunchScreen.storyboard in Resources */ = {isa = PBXBuildFile; fileRef = 1AB21A122390099F0041210E /* LaunchScreen.storyboard */; };
		1AB21A172390099F0041210E /* main.m in Sources */ = {isa = PBXBuildFile; fileRef = 1AB21A162390099F0041210E /* main.m */; };
/* End PBXBuildFile section */

/* Begin PBXFileReference section */
		1AB21A012390099E0041210E /* 02-RunLoop-NSTimer失效问题.app */ = {isa = PBXFileReference; explicitFileType = wrapper.application; includeInIndex = 0; path = "02-RunLoop-NSTimer失效问题.app"; sourceTree = BUILT_PRODUCTS_DIR; };
		1AB21A042390099E0041210E /* AppDelegate.h */ = {isa = PBXFileReference; lastKnownFileType = sourcecode.c.h; path = AppDelegate.h; sourceTree = "<group>"; };
		1AB21A052390099E0041210E /* AppDelegate.m */ = {isa = PBXFileReference; lastKnownFileType = sourcecode.c.objc; path = AppDelegate.m; sourceTree = "<group>"; };
		1AB21A072390099E0041210E /* SceneDelegate.h */ = {isa = PBXFileReference; lastKnownFileType = sourcecode.c.h; path = SceneDelegate.h; sourceTree = "<group>"; };
		1AB21A082390099E0041210E /* SceneDelegate.m */ = {isa = PBXFileReference; lastKnownFileType = sourcecode.c.objc; path = SceneDelegate.m; sourceTree = "<group>"; };
		1AB21A0A2390099E0041210E /* ViewController.h */ = {isa = PBXFileReference; lastKnownFileType = sourcecode.c.h; path = ViewController.h; sourceTree = "<group>"; };
		1AB21A0B2390099E0041210E /* ViewController.m */ = {isa = PBXFileReference; lastKnownFileType = sourcecode.c.objc; path = ViewController.m; sourceTree = "<group>"; };
		1AB21A0E2390099E0041210E /* Base */ = {isa = PBXFileReference; lastKnownFileType = file.storyboard; name = Base; path = Base.lproj/Main.storyboard; sourceTree = "<group>"; };
		1AB21A102390099F0041210E /* Assets.xcassets */ = {isa = PBXFileReference; lastKnownFileType = folder.assetcatalog; path = Assets.xcassets; sourceTree = "<group>"; };
		1AB21A132390099F0041210E /* Base */ = {isa = PBXFileReference; lastKnownFileType = file.storyboard; name = Base; path = Base.lproj/LaunchScreen.storyboard; sourceTree = "<group>"; };
		1AB21A152390099F0041210E /* Info.plist */ = {isa = PBXFileReference; lastKnownFileType = text.plist.xml; path = Info.plist; sourceTree = "<group>"; };
		1AB21A162390099F0041210E /* main.m */ = {isa = PBXFileReference; lastKnownFileType = sourcecode.c.objc; path = main.m; sourceTree = "<group>"; };
/* End PBXFileReference section */

/* Begin PBXFrameworksBuildPhase section */
		1AB219FE2390099E0041210E /* Frameworks */ = {
			isa = PBXFrameworksBuildPhase;
			buildActionMask = 2147483647;
			files = (
			);
			runOnlyForDeploymentPostprocessing = 0;
		};
/* End PBXFrameworksBuildPhase section */

/* Begin PBXGroup section */
		1AB219F82390099E0041210E = {
			isa = PBXGroup;
			children = (
				1AB21A032390099E0041210E /* 02-RunLoop-NSTimer失效问题 */,
				1AB21A022390099E0041210E /* Products */,
			);
			sourceTree = "<group>";
		};
		1AB21A022390099E0041210E /* Products */ = {
			isa = PBXGroup;
			children = (
				1AB21A012390099E0041210E /* 02-RunLoop-NSTimer失效问题.app */,
			);
			name = Products;
			sourceTree = "<group>";
		};
		1AB21A032390099E0041210E /* 02-RunLoop-NSTimer失效问题 */ = {
			isa = PBXGroup;
			children = (
				1AB21A042390099E0041210E /* AppDelegate.h */,
				1AB21A052390099E0041210E /* AppDelegate.m */,
				1AB21A072390099E0041210E /* SceneDelegate.h */,
				1AB21A082390099E0041210E /* SceneDelegate.m */,
				1AB21A0A2390099E0041210E /* ViewController.h */,
				1AB21A0B2390099E0041210E /* ViewController.m */,
				1AB21A0D2390099E0041210E /* Main.storyboard */,
				1AB21A102390099F0041210E /* Assets.xcassets */,
				1AB21A122390099F0041210E /* LaunchScreen.storyboard */,
				1AB21A152390099F0041210E /* Info.plist */,
				1AB21A162390099F0041210E /* main.m */,
			);
			path = "02-RunLoop-NSTimer失效问题";
			sourceTree = "<group>";
		};
/* End PBXGroup section */

/* Begin PBXNativeTarget section */
		1AB21A002390099E0041210E /* 02-RunLoop-NSTimer失效问题 */ = {
			isa = PBXNativeTarget;
			buildConfigurationList = 1AB21A1A2390099F0041210E /* Build configuration list for PBXNativeTarget "02-RunLoop-NSTimer失效问题" */;
			buildPhases = (
				1AB219FD2390099E0041210E /* Sources */,
				1AB219FE2390099E0041210E /* Frameworks */,
				1AB219FF2390099E0041210E /* Resources */,
			);
			buildRules = (
			);
			dependencies = (
			);
			name = "02-RunLoop-NSTimer失效问题";
			productName = "02-RunLoop（NSTimer）";
			productReference = 1AB21A012390099E0041210E /* 02-RunLoop-NSTimer失效问题.app */;
			productType = "com.apple.product-type.application";
		};
/* End PBXNativeTarget section */

/* Begin PBXProject section */
		1AB219F92390099E0041210E /* Project object */ = {
			isa = PBXProject;
			attributes = {
				LastUpgradeCheck = 1120;
				ORGANIZATIONNAME = "周健平";
				TargetAttributes = {
					1AB21A002390099E0041210E = {
						CreatedOnToolsVersion = 11.2.1;
					};
				};
			};
			buildConfigurationList = 1AB219FC2390099E0041210E /* Build configuration list for PBXProject "02-RunLoop-NSTimer失效问题" */;
			compatibilityVersion = "Xcode 9.3";
			developmentRegion = en;
			hasScannedForEncodings = 0;
			knownRegions = (
				en,
				Base,
			);
			mainGroup = 1AB219F82390099E0041210E;
			productRefGroup = 1AB21A022390099E0041210E /* Products */;
			projectDirPath = "";
			projectRoot = "";
			targets = (
				1AB21A002390099E0041210E /* 02-RunLoop-NSTimer失效问题 */,
			);
		};
/* End PBXProject section */

/* Begin PBXResourcesBuildPhase section */
		1AB219FF2390099E0041210E /* Resources */ = {
			isa = PBXResourcesBuildPhase;
			buildActionMask = 2147483647;
			files = (
				1AB21A142390099F0041210E /* LaunchScreen.storyboard in Resources */,
				1AB21A112390099F0041210E /* Assets.xcassets in Resources */,
				1AB21A0F2390099E0041210E /* Main.storyboard in Resources */,
			);
			runOnlyForDeploymentPostprocessing = 0;
		};
/* End PBXResourcesBuildPhase section */

/* Begin PBXSourcesBuildPhase section */
		1AB219FD2390099E0041210E /* Sources */ = {
			isa = PBXSourcesBuildPhase;
			buildActionMask = 2147483647;
			files = (
				1AB21A0C2390099E0041210E /* ViewController.m in Sources */,
				1AB21A062390099E0041210E /* AppDelegate.m in Sources */,
				1AB21A172390099F0041210E /* main.m in Sources */,
				1AB21A092390099E0041210E /* SceneDelegate.m in Sources */,
			);
			runOnlyForDeploymentPostprocessing = 0;
		};
/* End PBXSourcesBuildPhase section */

/* Begin PBXVariantGroup section */
		1AB21A0D2390099E0041210E /* Main.storyboard */ = {
			isa = PBXVariantGroup;
			children = (
				1AB21A0E2390099E0041210E /* Base */,
			);
			name = Main.storyboard;
			sourceTree = "<group>";
		};
		1AB21A122390099F0041210E /* LaunchScreen.storyboard */ = {
			isa = PBXVariantGroup;
			children = (
				1AB21A132390099F0041210E /* Base */,
			);
			name = LaunchScreen.storyboard;
			sourceTree = "<group>";
		};
/* End PBXVariantGroup section */

/* Begin XCBuildConfiguration section */
		1AB21A182390099F0041210E /* Debug */ = {
			isa = XCBuildConfiguration;
			buildSettings = {
				ALWAYS_SEARCH_USER_PATHS = NO;
				CLANG_ANALYZER_NONNULL = YES;
				CLANG_ANALYZER_NUMBER_OBJECT_CONVERSION = YES_AGGRESSIVE;
				CLANG_CXX_LANGUAGE_STANDARD = "gnu++14";
				CLANG_CXX_LIBRARY = "libc++";
				CLANG_ENABLE_MODULES = YES;
				CLANG_ENABLE_OBJC_ARC = YES;
				CLANG_ENABLE_OBJC_WEAK = YES;
				CLANG_WARN_BLOCK_CAPTURE_AUTORELEASING = YES;
				CLANG_WARN_BOOL_CONVERSION = YES;
				CLANG_WARN_COMMA = YES;
				CLANG_WARN_CONSTANT_CONVERSION = YES;
				CLANG_WARN_DEPRECATED_OBJC_IMPLEMENTATIONS = YES;
				CLANG_WARN_DIRECT_OBJC_ISA_USAGE = YES_ERROR;
				CLANG_WARN_DOCUMENTATION_COMMENTS = YES;
				CLANG_WARN_EMPTY_BODY = YES;
				CLANG_WARN_ENUM_CONVERSION = YES;
				CLANG_WARN_INFINITE_RECURSION = YES;
				CLANG_WARN_INT_CONVERSION = YES;
				CLANG_WARN_NON_LITERAL_NULL_CONVERSION = YES;
				CLANG_WARN_OBJC_IMPLICIT_RETAIN_SELF = YES;
				CLANG_WARN_OBJC_LITERAL_CONVERSION = YES;
				CLANG_WARN_OBJC_ROOT_CLASS = YES_ERROR;
				CLANG_WARN_RANGE_LOOP_ANALYSIS = YES;
				CLANG_WARN_STRICT_PROTOTYPES = YES;
				CLANG_WARN_SUSPICIOUS_MOVE = YES;
				CLANG_WARN_UNGUARDED_AVAILABILITY = YES_AGGRESSIVE;
				CLANG_WARN_UNREACHABLE_CODE = YES;
				CLANG_WARN__DUPLICATE_METHOD_MATCH = YES;
				COPY_PHASE_STRIP = NO;
				DEBUG_INFORMATION_FORMAT = dwarf;
				ENABLE_STRICT_OBJC_MSGSEND = YES;
				ENABLE_TESTABILITY = YES;
				GCC_C_LANGUAGE_STANDARD = gnu11;
				GCC_DYNAMIC_NO_PIC = NO;
				GCC_NO_COMMON_BLOCKS = YES;
				GCC_OPTIMIZATION_LEVEL = 0;
				GCC_PREPROCESSOR_DEFINITIONS = (
					"DEBUG=1",
					"$(inherited)",
				);
				GCC_WARN_64_TO_32_BIT_CONVERSION = YES;
				GCC_WARN_ABOUT_RETURN_TYPE = YES_ERROR;
				GCC_WARN_UNDECLARED_SELECTOR = YES;
				GCC_WARN_UNINITIALIZED_AUTOS = YES_AGGRESSIVE;
				GCC_WARN_UNUSED_FUNCTION = YES;
				GCC_WARN_UNUSED_VARIABLE = YES;
				IPHONEOS_DEPLOYMENT_TARGET = 13.2;
				MTL_ENABLE_DEBUG_INFO = INCLUDE_SOURCE;
				MTL_FAST_MATH = YES;
				ONLY_ACTIVE_ARCH = YES;
				SDKROOT = iphoneos;
			};
			name = Debug;
		};
		1AB21A192390099F0041210E /* Release */ = {
			isa = XCBuildConfiguration;
			buildSettings = {
				ALWAYS_SEARCH_USER_PATHS = NO;
				CLANG_ANALYZER_NONNULL = YES;
				CLANG_ANALYZER_NUMBER_OBJECT_CONVERSION = YES_AGGRESSIVE;
				CLANG_CXX_LANGUAGE_STANDARD = "gnu++14";
				CLANG_CXX_LIBRARY = "libc++";
				CLANG_ENABLE_MODULES = YES;
				CLANG_ENABLE_OBJC_ARC = YES;
				CLANG_ENABLE_OBJC_WEAK = YES;
				CLANG_WARN_BLOCK_CAPTURE_AUTORELEASING = YES;
				CLANG_WARN_BOOL_CONVERSION = YES;
				CLANG_WARN_COMMA = YES;
				CLANG_WARN_CONSTANT_CONVERSION = YES;
				CLANG_WARN_DEPRECATED_OBJC_IMPLEMENTATIONS = YES;
				CLANG_WARN_DIRECT_OBJC_ISA_USAGE = YES_ERROR;
				CLANG_WARN_DOCUMENTATION_COMMENTS = YES;
				CLANG_WARN_EMPTY_BODY = YES;
				CLANG_WARN_ENUM_CONVERSION = YES;
				CLANG_WARN_INFINITE_RECURSION = YES;
				CLANG_WARN_INT_CONVERSION = YES;
				CLANG_WARN_NON_LITERAL_NULL_CONVERSION = YES;
				CLANG_WARN_OBJC_IMPLICIT_RETAIN_SELF = YES;
				CLANG_WARN_OBJC_LITERAL_CONVERSION = YES;
				CLANG_WARN_OBJC_ROOT_CLASS = YES_ERROR;
				CLANG_WARN_RANGE_LOOP_ANALYSIS = YES;
				CLANG_WARN_STRICT_PROTOTYPES = YES;
				CLANG_WARN_SUSPICIOUS_MOVE = YES;
				CLANG_WARN_UNGUARDED_AVAILABILITY = YES_AGGRESSIVE;
				CLANG_WARN_UNREACHABLE_CODE = YES;
				CLANG_WARN__DUPLICATE_METHOD_MATCH = YES;
				COPY_PHASE_STRIP = NO;
				DEBUG_INFORMATION_FORMAT = "dwarf-with-dsym";
				ENABLE_NS_ASSERTIONS = NO;
				ENABLE_STRICT_OBJC_MSGSEND = YES;
				GCC_C_LANGUAGE_STANDARD = gnu11;
				GCC_NO_COMMON_BLOCKS = YES;
				GCC_WARN_64_TO_32_BIT_CONVERSION = YES;
				GCC_WARN_ABOUT_RETURN_TYPE = YES_ERROR;
				GCC_WARN_UNDECLARED_SELECTOR = YES;
				GCC_WARN_UNINITIALIZED_AUTOS = YES_AGGRESSIVE;
				GCC_WARN_UNUSED_FUNCTION = YES;
				GCC_WARN_UNUSED_VARIABLE = YES;
				IPHONEOS_DEPLOYMENT_TARGET = 13.2;
				MTL_ENABLE_DEBUG_INFO = NO;
				MTL_FAST_MATH = YES;
				SDKROOT = iphoneos;
				VALIDATE_PRODUCT = YES;
			};
			name = Release;
		};
		1AB21A1B2390099F0041210E /* Debug */ = {
			isa = XCBuildConfiguration;
			buildSettings = {
				ASSETCATALOG_COMPILER_APPICON_NAME = AppIcon;
				CODE_SIGN_STYLE = Automatic;
				INFOPLIST_FILE = "02-RunLoop-NSTimer失效问题/Info.plist";
				LD_RUNPATH_SEARCH_PATHS = (
					"$(inherited)",
					"@executable_path/Frameworks",
				);
				PRODUCT_BUNDLE_IDENTIFIER = "zhoujianping.-2-RunLoop-NSTimer-";
				PRODUCT_NAME = "$(TARGET_NAME)";
				TARGETED_DEVICE_FAMILY = "1,2";
			};
			name = Debug;
		};
		1AB21A1C2390099F0041210E /* Release */ = {
			isa = XCBuildConfiguration;
			buildSettings = {
				ASSETCATALOG_COMPILER_APPICON_NAME = AppIcon;
				CODE_SIGN_STYLE = Automatic;
				INFOPLIST_FILE = "02-RunLoop-NSTimer失效问题/Info.plist";
				LD_RUNPATH_SEARCH_PATHS = (
					"$(inherited)",
					"@executable_path/Frameworks",
				);
				PRODUCT_BUNDLE_IDENTIFIER = "zhoujianping.-2-RunLoop-NSTimer-";
				PRODUCT_NAME = "$(TARGET_NAME)";
				TARGETED_DEVICE_FAMILY = "1,2";
			};
			name = Release;
		};
/* End XCBuildConfiguration section */

/* Begin XCConfigurationList section */
		1AB219FC2390099E0041210E /* Build configuration list for PBXProject "02-RunLoop-NSTimer失效问题" */ = {
			isa = XCConfigurationList;
			buildConfigurations = (
				1AB21A182390099F0041210E /* Debug */,
				1AB21A192390099F0041210E /* Release */,
			);
			defaultConfigurationIsVisible = 0;
			defaultConfigurationName = Release;
		};
		1AB21A1A2390099F0041210E /* Build configuration list for PBXNativeTarget "02-RunLoop-NSTimer失效问题" */ = {
			isa = XCConfigurationList;
			buildConfigurations = (
				1AB21A1B2390099F0041210E /* Debug */,
				1AB21A1C2390099F0041210E /* Release */,
			);
			defaultConfigurationIsVisible = 0;
			defaultConfigurationName = Release;
		};
/* End XCConfigurationList section */
	};
	rootObject = 1AB219F92390099E0041210E /* Project object */;
}
