// !$*UTF8*$!
{
	archiveVersion = 1;
	classes = {
	};
	objectVersion = 50;
	objects = {

/* Begin PBXBuildFile section */
		1A8D39B82388EC4B00FB1D9F /* AppDelegate.m in Sources */ = {isa = PBXBuildFile; fileRef = 1A8D39B72388EC4B00FB1D9F /* AppDelegate.m */; };
		1A8D39BB2388EC4B00FB1D9F /* SceneDelegate.m in Sources */ = {isa = PBXBuildFile; fileRef = 1A8D39BA2388EC4B00FB1D9F /* SceneDelegate.m */; };
		1A8D39BE2388EC4B00FB1D9F /* ViewController.m in Sources */ = {isa = PBXBuildFile; fileRef = 1A8D39BD2388EC4B00FB1D9F /* ViewController.m */; };
		1A8D39C12388EC4B00FB1D9F /* Main.storyboard in Resources */ = {isa = PBXBuildFile; fileRef = 1A8D39BF2388EC4B00FB1D9F /* Main.storyboard */; };
		1A8D39C32388EC4C00FB1D9F /* Assets.xcassets in Resources */ = {isa = PBXBuildFile; fileRef = 1A8D39C22388EC4C00FB1D9F /* Assets.xcassets */; };
		1A8D39C62388EC4C00FB1D9F /* LaunchScreen.storyboard in Resources */ = {isa = PBXBuildFile; fileRef = 1A8D39C42388EC4C00FB1D9F /* LaunchScreen.storyboard */; };
		1A8D39C92388EC4C00FB1D9F /* main.m in Sources */ = {isa = PBXBuildFile; fileRef = 1A8D39C82388EC4C00FB1D9F /* main.m */; };
		1A8D39D12388EC9D00FB1D9F /* JPPerson.m in Sources */ = {isa = PBXBuildFile; fileRef = 1A8D39D02388EC9D00FB1D9F /* JPPerson.m */; };
		1A8D39D3238945E500FB1D9F /* 面试题-obj能调用print的原因.jpg in Resources */ = {isa = PBXBuildFile; fileRef = 1A8D39D2238945E500FB1D9F /* 面试题-obj能调用print的原因.jpg */; };
		1A8D39D5238945FA00FB1D9F /* 面试题-print中访问成员变量1.jpg in Resources */ = {isa = PBXBuildFile; fileRef = 1A8D39D4238945FA00FB1D9F /* 面试题-print中访问成员变量1.jpg */; };
		1A8D39D8238A412E00FB1D9F /* 面试题-print中访问成员变量2.jpg in Resources */ = {isa = PBXBuildFile; fileRef = 1A8D39D7238A412E00FB1D9F /* 面试题-print中访问成员变量2.jpg */; };
/* End PBXBuildFile section */

/* Begin PBXFileReference section */
		1A8D39B32388EC4B00FB1D9F /* 02-面试题（super、栈、消息机制、成员访问）.app */ = {isa = PBXFileReference; explicitFileType = wrapper.application; includeInIndex = 0; path = "02-面试题（super、栈、消息机制、成员访问）.app"; sourceTree = BUILT_PRODUCTS_DIR; };
		1A8D39B62388EC4B00FB1D9F /* AppDelegate.h */ = {isa = PBXFileReference; lastKnownFileType = sourcecode.c.h; path = AppDelegate.h; sourceTree = "<group>"; };
		1A8D39B72388EC4B00FB1D9F /* AppDelegate.m */ = {isa = PBXFileReference; lastKnownFileType = sourcecode.c.objc; path = AppDelegate.m; sourceTree = "<group>"; };
		1A8D39B92388EC4B00FB1D9F /* SceneDelegate.h */ = {isa = PBXFileReference; lastKnownFileType = sourcecode.c.h; path = SceneDelegate.h; sourceTree = "<group>"; };
		1A8D39BA2388EC4B00FB1D9F /* SceneDelegate.m */ = {isa = PBXFileReference; lastKnownFileType = sourcecode.c.objc; path = SceneDelegate.m; sourceTree = "<group>"; };
		1A8D39BC2388EC4B00FB1D9F /* ViewController.h */ = {isa = PBXFileReference; lastKnownFileType = sourcecode.c.h; path = ViewController.h; sourceTree = "<group>"; };
		1A8D39BD2388EC4B00FB1D9F /* ViewController.m */ = {isa = PBXFileReference; lastKnownFileType = sourcecode.c.objc; path = ViewController.m; sourceTree = "<group>"; };
		1A8D39C02388EC4B00FB1D9F /* Base */ = {isa = PBXFileReference; lastKnownFileType = file.storyboard; name = Base; path = Base.lproj/Main.storyboard; sourceTree = "<group>"; };
		1A8D39C22388EC4C00FB1D9F /* Assets.xcassets */ = {isa = PBXFileReference; lastKnownFileType = folder.assetcatalog; path = Assets.xcassets; sourceTree = "<group>"; };
		1A8D39C52388EC4C00FB1D9F /* Base */ = {isa = PBXFileReference; lastKnownFileType = file.storyboard; name = Base; path = Base.lproj/LaunchScreen.storyboard; sourceTree = "<group>"; };
		1A8D39C72388EC4C00FB1D9F /* Info.plist */ = {isa = PBXFileReference; lastKnownFileType = text.plist.xml; path = Info.plist; sourceTree = "<group>"; };
		1A8D39C82388EC4C00FB1D9F /* main.m */ = {isa = PBXFileReference; lastKnownFileType = sourcecode.c.objc; path = main.m; sourceTree = "<group>"; };
		1A8D39CF2388EC9D00FB1D9F /* JPPerson.h */ = {isa = PBXFileReference; lastKnownFileType = sourcecode.c.h; path = JPPerson.h; sourceTree = "<group>"; };
		1A8D39D02388EC9D00FB1D9F /* JPPerson.m */ = {isa = PBXFileReference; lastKnownFileType = sourcecode.c.objc; path = JPPerson.m; sourceTree = "<group>"; };
		1A8D39D2238945E500FB1D9F /* 面试题-obj能调用print的原因.jpg */ = {isa = PBXFileReference; lastKnownFileType = image.jpeg; path = "面试题-obj能调用print的原因.jpg"; sourceTree = "<group>"; };
		1A8D39D4238945FA00FB1D9F /* 面试题-print中访问成员变量1.jpg */ = {isa = PBXFileReference; lastKnownFileType = image.jpeg; path = "面试题-print中访问成员变量1.jpg"; sourceTree = "<group>"; };
		1A8D39D623894FFF00FB1D9F /* ViewController-arm64.cpp */ = {isa = PBXFileReference; lastKnownFileType = sourcecode.cpp.cpp; path = "ViewController-arm64.cpp"; sourceTree = "<group>"; };
		1A8D39D7238A412E00FB1D9F /* 面试题-print中访问成员变量2.jpg */ = {isa = PBXFileReference; lastKnownFileType = image.jpeg; path = "面试题-print中访问成员变量2.jpg"; sourceTree = "<group>"; };
/* End PBXFileReference section */

/* Begin PBXFrameworksBuildPhase section */
		1A8D39B02388EC4B00FB1D9F /* Frameworks */ = {
			isa = PBXFrameworksBuildPhase;
			buildActionMask = 2147483647;
			files = (
			);
			runOnlyForDeploymentPostprocessing = 0;
		};
/* End PBXFrameworksBuildPhase section */

/* Begin PBXGroup section */
		1A8D39AA2388EC4B00FB1D9F = {
			isa = PBXGroup;
			children = (
				1A8D39B52388EC4B00FB1D9F /* 02-面试题（super、栈、消息机制、成员访问） */,
				1A8D39B42388EC4B00FB1D9F /* Products */,
			);
			sourceTree = "<group>";
		};
		1A8D39B42388EC4B00FB1D9F /* Products */ = {
			isa = PBXGroup;
			children = (
				1A8D39B32388EC4B00FB1D9F /* 02-面试题（super、栈、消息机制、成员访问）.app */,
			);
			name = Products;
			sourceTree = "<group>";
		};
		1A8D39B52388EC4B00FB1D9F /* 02-面试题（super、栈、消息机制、成员访问） */ = {
			isa = PBXGroup;
			children = (
				1A8D39D2238945E500FB1D9F /* 面试题-obj能调用print的原因.jpg */,
				1A8D39D4238945FA00FB1D9F /* 面试题-print中访问成员变量1.jpg */,
				1A8D39D7238A412E00FB1D9F /* 面试题-print中访问成员变量2.jpg */,
				1A8D39B62388EC4B00FB1D9F /* AppDelegate.h */,
				1A8D39B72388EC4B00FB1D9F /* AppDelegate.m */,
				1A8D39B92388EC4B00FB1D9F /* SceneDelegate.h */,
				1A8D39BA2388EC4B00FB1D9F /* SceneDelegate.m */,
				1A8D39BC2388EC4B00FB1D9F /* ViewController.h */,
				1A8D39BD2388EC4B00FB1D9F /* ViewController.m */,
				1A8D39D623894FFF00FB1D9F /* ViewController-arm64.cpp */,
				1A8D39CF2388EC9D00FB1D9F /* JPPerson.h */,
				1A8D39D02388EC9D00FB1D9F /* JPPerson.m */,
				1A8D39BF2388EC4B00FB1D9F /* Main.storyboard */,
				1A8D39C22388EC4C00FB1D9F /* Assets.xcassets */,
				1A8D39C42388EC4C00FB1D9F /* LaunchScreen.storyboard */,
				1A8D39C72388EC4C00FB1D9F /* Info.plist */,
				1A8D39C82388EC4C00FB1D9F /* main.m */,
			);
			path = "02-面试题（super、栈、消息机制、成员访问）";
			sourceTree = "<group>";
		};
/* End PBXGroup section */

/* Begin PBXNativeTarget section */
		1A8D39B22388EC4B00FB1D9F /* 02-面试题（super、栈、消息机制、成员访问） */ = {
			isa = PBXNativeTarget;
			buildConfigurationList = 1A8D39CC2388EC4C00FB1D9F /* Build configuration list for PBXNativeTarget "02-面试题（super、栈、消息机制、成员访问）" */;
			buildPhases = (
				1A8D39AF2388EC4B00FB1D9F /* Sources */,
				1A8D39B02388EC4B00FB1D9F /* Frameworks */,
				1A8D39B12388EC4B00FB1D9F /* Resources */,
			);
			buildRules = (
			);
			dependencies = (
			);
			name = "02-面试题（super、栈、消息机制、成员访问）";
			productName = "02-面试题（print）";
			productReference = 1A8D39B32388EC4B00FB1D9F /* 02-面试题（super、栈、消息机制、成员访问）.app */;
			productType = "com.apple.product-type.application";
		};
/* End PBXNativeTarget section */

/* Begin PBXProject section */
		1A8D39AB2388EC4B00FB1D9F /* Project object */ = {
			isa = PBXProject;
			attributes = {
				LastUpgradeCheck = 1120;
				ORGANIZATIONNAME = "周健平";
				TargetAttributes = {
					1A8D39B22388EC4B00FB1D9F = {
						CreatedOnToolsVersion = 11.2.1;
					};
				};
			};
			buildConfigurationList = 1A8D39AE2388EC4B00FB1D9F /* Build configuration list for PBXProject "02-面试题（super、栈、消息机制、成员访问）" */;
			compatibilityVersion = "Xcode 9.3";
			developmentRegion = en;
			hasScannedForEncodings = 0;
			knownRegions = (
				en,
				Base,
			);
			mainGroup = 1A8D39AA2388EC4B00FB1D9F;
			productRefGroup = 1A8D39B42388EC4B00FB1D9F /* Products */;
			projectDirPath = "";
			projectRoot = "";
			targets = (
				1A8D39B22388EC4B00FB1D9F /* 02-面试题（super、栈、消息机制、成员访问） */,
			);
		};
/* End PBXProject section */

/* Begin PBXResourcesBuildPhase section */
		1A8D39B12388EC4B00FB1D9F /* Resources */ = {
			isa = PBXResourcesBuildPhase;
			buildActionMask = 2147483647;
			files = (
				1A8D39C62388EC4C00FB1D9F /* LaunchScreen.storyboard in Resources */,
				1A8D39D3238945E500FB1D9F /* 面试题-obj能调用print的原因.jpg in Resources */,
				1A8D39D5238945FA00FB1D9F /* 面试题-print中访问成员变量1.jpg in Resources */,
				1A8D39C32388EC4C00FB1D9F /* Assets.xcassets in Resources */,
				1A8D39D8238A412E00FB1D9F /* 面试题-print中访问成员变量2.jpg in Resources */,
				1A8D39C12388EC4B00FB1D9F /* Main.storyboard in Resources */,
			);
			runOnlyForDeploymentPostprocessing = 0;
		};
/* End PBXResourcesBuildPhase section */

/* Begin PBXSourcesBuildPhase section */
		1A8D39AF2388EC4B00FB1D9F /* Sources */ = {
			isa = PBXSourcesBuildPhase;
			buildActionMask = 2147483647;
			files = (
				1A8D39D12388EC9D00FB1D9F /* JPPerson.m in Sources */,
				1A8D39BE2388EC4B00FB1D9F /* ViewController.m in Sources */,
				1A8D39B82388EC4B00FB1D9F /* AppDelegate.m in Sources */,
				1A8D39C92388EC4C00FB1D9F /* main.m in Sources */,
				1A8D39BB2388EC4B00FB1D9F /* SceneDelegate.m in Sources */,
			);
			runOnlyForDeploymentPostprocessing = 0;
		};
/* End PBXSourcesBuildPhase section */

/* Begin PBXVariantGroup section */
		1A8D39BF2388EC4B00FB1D9F /* Main.storyboard */ = {
			isa = PBXVariantGroup;
			children = (
				1A8D39C02388EC4B00FB1D9F /* Base */,
			);
			name = Main.storyboard;
			sourceTree = "<group>";
		};
		1A8D39C42388EC4C00FB1D9F /* LaunchScreen.storyboard */ = {
			isa = PBXVariantGroup;
			children = (
				1A8D39C52388EC4C00FB1D9F /* Base */,
			);
			name = LaunchScreen.storyboard;
			sourceTree = "<group>";
		};
/* End PBXVariantGroup section */

/* Begin XCBuildConfiguration section */
		1A8D39CA2388EC4C00FB1D9F /* Debug */ = {
			isa = XCBuildConfiguration;
			buildSettings = {
				ALWAYS_SEARCH_USER_PATHS = NO;
				CLANG_ANALYZER_NONNULL = YES;
				CLANG_ANALYZER_NUMBER_OBJECT_CONVERSION = YES_AGGRESSIVE;
				CLANG_CXX_LANGUAGE_STANDARD = "gnu++14";
				CLANG_CXX_LIBRARY = "libc++";
				CLANG_ENABLE_MODULES = YES;
				CLANG_ENABLE_OBJC_ARC = YES;
				CLANG_ENABLE_OBJC_WEAK = YES;
				CLANG_WARN_BLOCK_CAPTURE_AUTORELEASING = YES;
				CLANG_WARN_BOOL_CONVERSION = YES;
				CLANG_WARN_COMMA = YES;
				CLANG_WARN_CONSTANT_CONVERSION = YES;
				CLANG_WARN_DEPRECATED_OBJC_IMPLEMENTATIONS = YES;
				CLANG_WARN_DIRECT_OBJC_ISA_USAGE = YES_ERROR;
				CLANG_WARN_DOCUMENTATION_COMMENTS = YES;
				CLANG_WARN_EMPTY_BODY = YES;
				CLANG_WARN_ENUM_CONVERSION = YES;
				CLANG_WARN_INFINITE_RECURSION = YES;
				CLANG_WARN_INT_CONVERSION = YES;
				CLANG_WARN_NON_LITERAL_NULL_CONVERSION = YES;
				CLANG_WARN_OBJC_IMPLICIT_RETAIN_SELF = YES;
				CLANG_WARN_OBJC_LITERAL_CONVERSION = YES;
				CLANG_WARN_OBJC_ROOT_CLASS = YES_ERROR;
				CLANG_WARN_RANGE_LOOP_ANALYSIS = YES;
				CLANG_WARN_STRICT_PROTOTYPES = YES;
				CLANG_WARN_SUSPICIOUS_MOVE = YES;
				CLANG_WARN_UNGUARDED_AVAILABILITY = YES_AGGRESSIVE;
				CLANG_WARN_UNREACHABLE_CODE = YES;
				CLANG_WARN__DUPLICATE_METHOD_MATCH = YES;
				COPY_PHASE_STRIP = NO;
				DEBUG_INFORMATION_FORMAT = dwarf;
				ENABLE_STRICT_OBJC_MSGSEND = YES;
				ENABLE_TESTABILITY = YES;
				GCC_C_LANGUAGE_STANDARD = gnu11;
				GCC_DYNAMIC_NO_PIC = NO;
				GCC_NO_COMMON_BLOCKS = YES;
				GCC_OPTIMIZATION_LEVEL = 0;
				GCC_PREPROCESSOR_DEFINITIONS = (
					"DEBUG=1",
					"$(inherited)",
				);
				GCC_WARN_64_TO_32_BIT_CONVERSION = YES;
				GCC_WARN_ABOUT_RETURN_TYPE = YES_ERROR;
				GCC_WARN_UNDECLARED_SELECTOR = YES;
				GCC_WARN_UNINITIALIZED_AUTOS = YES_AGGRESSIVE;
				GCC_WARN_UNUSED_FUNCTION = YES;
				GCC_WARN_UNUSED_VARIABLE = YES;
				IPHONEOS_DEPLOYMENT_TARGET = 13.2;
				MTL_ENABLE_DEBUG_INFO = INCLUDE_SOURCE;
				MTL_FAST_MATH = YES;
				ONLY_ACTIVE_ARCH = YES;
				SDKROOT = iphoneos;
			};
			name = Debug;
		};
		1A8D39CB2388EC4C00FB1D9F /* Release */ = {
			isa = XCBuildConfiguration;
			buildSettings = {
				ALWAYS_SEARCH_USER_PATHS = NO;
				CLANG_ANALYZER_NONNULL = YES;
				CLANG_ANALYZER_NUMBER_OBJECT_CONVERSION = YES_AGGRESSIVE;
				CLANG_CXX_LANGUAGE_STANDARD = "gnu++14";
				CLANG_CXX_LIBRARY = "libc++";
				CLANG_ENABLE_MODULES = YES;
				CLANG_ENABLE_OBJC_ARC = YES;
				CLANG_ENABLE_OBJC_WEAK = YES;
				CLANG_WARN_BLOCK_CAPTURE_AUTORELEASING = YES;
				CLANG_WARN_BOOL_CONVERSION = YES;
				CLANG_WARN_COMMA = YES;
				CLANG_WARN_CONSTANT_CONVERSION = YES;
				CLANG_WARN_DEPRECATED_OBJC_IMPLEMENTATIONS = YES;
				CLANG_WARN_DIRECT_OBJC_ISA_USAGE = YES_ERROR;
				CLANG_WARN_DOCUMENTATION_COMMENTS = YES;
				CLANG_WARN_EMPTY_BODY = YES;
				CLANG_WARN_ENUM_CONVERSION = YES;
				CLANG_WARN_INFINITE_RECURSION = YES;
				CLANG_WARN_INT_CONVERSION = YES;
				CLANG_WARN_NON_LITERAL_NULL_CONVERSION = YES;
				CLANG_WARN_OBJC_IMPLICIT_RETAIN_SELF = YES;
				CLANG_WARN_OBJC_LITERAL_CONVERSION = YES;
				CLANG_WARN_OBJC_ROOT_CLASS = YES_ERROR;
				CLANG_WARN_RANGE_LOOP_ANALYSIS = YES;
				CLANG_WARN_STRICT_PROTOTYPES = YES;
				CLANG_WARN_SUSPICIOUS_MOVE = YES;
				CLANG_WARN_UNGUARDED_AVAILABILITY = YES_AGGRESSIVE;
				CLANG_WARN_UNREACHABLE_CODE = YES;
				CLANG_WARN__DUPLICATE_METHOD_MATCH = YES;
				COPY_PHASE_STRIP = NO;
				DEBUG_INFORMATION_FORMAT = "dwarf-with-dsym";
				ENABLE_NS_ASSERTIONS = NO;
				ENABLE_STRICT_OBJC_MSGSEND = YES;
				GCC_C_LANGUAGE_STANDARD = gnu11;
				GCC_NO_COMMON_BLOCKS = YES;
				GCC_WARN_64_TO_32_BIT_CONVERSION = YES;
				GCC_WARN_ABOUT_RETURN_TYPE = YES_ERROR;
				GCC_WARN_UNDECLARED_SELECTOR = YES;
				GCC_WARN_UNINITIALIZED_AUTOS = YES_AGGRESSIVE;
				GCC_WARN_UNUSED_FUNCTION = YES;
				GCC_WARN_UNUSED_VARIABLE = YES;
				IPHONEOS_DEPLOYMENT_TARGET = 13.2;
				MTL_ENABLE_DEBUG_INFO = NO;
				MTL_FAST_MATH = YES;
				SDKROOT = iphoneos;
				VALIDATE_PRODUCT = YES;
			};
			name = Release;
		};
		1A8D39CD2388EC4C00FB1D9F /* Debug */ = {
			isa = XCBuildConfiguration;
			buildSettings = {
				ASSETCATALOG_COMPILER_APPICON_NAME = AppIcon;
				CODE_SIGN_STYLE = Automatic;
				INFOPLIST_FILE = "02-面试题（super、栈、消息机制、成员访问）/Info.plist";
				LD_RUNPATH_SEARCH_PATHS = (
					"$(inherited)",
					"@executable_path/Frameworks",
				);
				PRODUCT_BUNDLE_IDENTIFIER = "zhoujianping.-2-----print-";
				PRODUCT_NAME = "$(TARGET_NAME)";
				TARGETED_DEVICE_FAMILY = "1,2";
			};
			name = Debug;
		};
		1A8D39CE2388EC4C00FB1D9F /* Release */ = {
			isa = XCBuildConfiguration;
			buildSettings = {
				ASSETCATALOG_COMPILER_APPICON_NAME = AppIcon;
				CODE_SIGN_STYLE = Automatic;
				INFOPLIST_FILE = "02-面试题（super、栈、消息机制、成员访问）/Info.plist";
				LD_RUNPATH_SEARCH_PATHS = (
					"$(inherited)",
					"@executable_path/Frameworks",
				);
				PRODUCT_BUNDLE_IDENTIFIER = "zhoujianping.-2-----print-";
				PRODUCT_NAME = "$(TARGET_NAME)";
				TARGETED_DEVICE_FAMILY = "1,2";
			};
			name = Release;
		};
/* End XCBuildConfiguration section */

/* Begin XCConfigurationList section */
		1A8D39AE2388EC4B00FB1D9F /* Build configuration list for PBXProject "02-面试题（super、栈、消息机制、成员访问）" */ = {
			isa = XCConfigurationList;
			buildConfigurations = (
				1A8D39CA2388EC4C00FB1D9F /* Debug */,
				1A8D39CB2388EC4C00FB1D9F /* Release */,
			);
			defaultConfigurationIsVisible = 0;
			defaultConfigurationName = Release;
		};
		1A8D39CC2388EC4C00FB1D9F /* Build configuration list for PBXNativeTarget "02-面试题（super、栈、消息机制、成员访问）" */ = {
			isa = XCConfigurationList;
			buildConfigurations = (
				1A8D39CD2388EC4C00FB1D9F /* Debug */,
				1A8D39CE2388EC4C00FB1D9F /* Release */,
			);
			defaultConfigurationIsVisible = 0;
			defaultConfigurationName = Release;
		};
/* End XCConfigurationList section */
	};
	rootObject = 1A8D39AB2388EC4B00FB1D9F /* Project object */;
}
