// !$*UTF8*$!
{
	archiveVersion = 1;
	classes = {
	};
	objectVersion = 50;
	objects = {

/* Begin PBXBuildFile section */
		1A8D39E6238A9B9700FB1D9F /* main.m in Sources */ = {isa = PBXBuildFile; fileRef = 1A8D39E5238A9B9700FB1D9F /* main.m */; };
		1A8D39EE238A9BAE00FB1D9F /* JPPerson.m in Sources */ = {isa = PBXBuildFile; fileRef = 1A8D39ED238A9BAE00FB1D9F /* JPPerson.m */; };
/* End PBXBuildFile section */

/* Begin PBXCopyFilesBuildPhase section */
		1A8D39E0238A9B9700FB1D9F /* CopyFiles */ = {
			isa = PBXCopyFilesBuildPhase;
			buildActionMask = 2147483647;
			dstPath = /usr/share/man/man1/;
			dstSubfolderSpec = 0;
			files = (
			);
			runOnlyForDeploymentPostprocessing = 1;
		};
/* End PBXCopyFilesBuildPhase section */

/* Begin PBXFileReference section */
		1A8D39E2238A9B9700FB1D9F /* 01-LLVM的中间代码 */ = {isa = PBXFileReference; explicitFileType = "compiled.mach-o.executable"; includeInIndex = 0; path = "01-LLVM的中间代码"; sourceTree = BUILT_PRODUCTS_DIR; };
		1A8D39E5238A9B9700FB1D9F /* main.m */ = {isa = PBXFileReference; lastKnownFileType = sourcecode.c.objc; path = main.m; sourceTree = "<group>"; };
		1A8D39EC238A9BAE00FB1D9F /* JPPerson.h */ = {isa = PBXFileReference; lastKnownFileType = sourcecode.c.h; path = JPPerson.h; sourceTree = "<group>"; };
		1A8D39ED238A9BAE00FB1D9F /* JPPerson.m */ = {isa = PBXFileReference; lastKnownFileType = sourcecode.c.objc; path = JPPerson.m; sourceTree = "<group>"; };
		1A8D39EF238AA58200FB1D9F /* JPPerson-arm64.cpp */ = {isa = PBXFileReference; lastKnownFileType = sourcecode.cpp.cpp; path = "JPPerson-arm64.cpp"; sourceTree = "<group>"; };
		1A8D39F0238AA7C000FB1D9F /* LLVM的中间代码.jpg */ = {isa = PBXFileReference; lastKnownFileType = image.jpeg; path = "LLVM的中间代码.jpg"; sourceTree = "<group>"; };
		1A8D39F1238AA7DF00FB1D9F /* 2.定位汇编代码.jpg */ = {isa = PBXFileReference; lastKnownFileType = image.jpeg; path = "2.定位汇编代码.jpg"; sourceTree = "<group>"; };
		1A8D39F2238AA87300FB1D9F /* JPPerson.ll */ = {isa = PBXFileReference; lastKnownFileType = sourcecode.asm.llvm; path = JPPerson.ll; sourceTree = "<group>"; };
		1A8D39F3238AAE0400FB1D9F /* 1.无需运行直接查看汇编代码.jpg */ = {isa = PBXFileReference; lastKnownFileType = image.jpeg; path = "1.无需运行直接查看汇编代码.jpg"; sourceTree = "<group>"; };
/* End PBXFileReference section */

/* Begin PBXFrameworksBuildPhase section */
		1A8D39DF238A9B9700FB1D9F /* Frameworks */ = {
			isa = PBXFrameworksBuildPhase;
			buildActionMask = 2147483647;
			files = (
			);
			runOnlyForDeploymentPostprocessing = 0;
		};
/* End PBXFrameworksBuildPhase section */

/* Begin PBXGroup section */
		1A8D39D9238A9B9700FB1D9F = {
			isa = PBXGroup;
			children = (
				1A8D39E4238A9B9700FB1D9F /* 01-LLVM的中间代码 */,
				1A8D39E3238A9B9700FB1D9F /* Products */,
			);
			sourceTree = "<group>";
		};
		1A8D39E3238A9B9700FB1D9F /* Products */ = {
			isa = PBXGroup;
			children = (
				1A8D39E2238A9B9700FB1D9F /* 01-LLVM的中间代码 */,
			);
			name = Products;
			sourceTree = "<group>";
		};
		1A8D39E4238A9B9700FB1D9F /* 01-LLVM的中间代码 */ = {
			isa = PBXGroup;
			children = (
				1A8D39F3238AAE0400FB1D9F /* 1.无需运行直接查看汇编代码.jpg */,
				1A8D39F1238AA7DF00FB1D9F /* 2.定位汇编代码.jpg */,
				1A8D39F0238AA7C000FB1D9F /* LLVM的中间代码.jpg */,
				1A8D39E5238A9B9700FB1D9F /* main.m */,
				1A8D39EC238A9BAE00FB1D9F /* JPPerson.h */,
				1A8D39ED238A9BAE00FB1D9F /* JPPerson.m */,
				1A8D39EF238AA58200FB1D9F /* JPPerson-arm64.cpp */,
				1A8D39F2238AA87300FB1D9F /* JPPerson.ll */,
			);
			path = "01-LLVM的中间代码";
			sourceTree = "<group>";
		};
/* End PBXGroup section */

/* Begin PBXNativeTarget section */
		1A8D39E1238A9B9700FB1D9F /* 01-LLVM的中间代码 */ = {
			isa = PBXNativeTarget;
			buildConfigurationList = 1A8D39E9238A9B9700FB1D9F /* Build configuration list for PBXNativeTarget "01-LLVM的中间代码" */;
			buildPhases = (
				1A8D39DE238A9B9700FB1D9F /* Sources */,
				1A8D39DF238A9B9700FB1D9F /* Frameworks */,
				1A8D39E0238A9B9700FB1D9F /* CopyFiles */,
			);
			buildRules = (
			);
			dependencies = (
			);
			name = "01-LLVM的中间代码";
			productName = "01-super补充";
			productReference = 1A8D39E2238A9B9700FB1D9F /* 01-LLVM的中间代码 */;
			productType = "com.apple.product-type.tool";
		};
/* End PBXNativeTarget section */

/* Begin PBXProject section */
		1A8D39DA238A9B9700FB1D9F /* Project object */ = {
			isa = PBXProject;
			attributes = {
				LastUpgradeCheck = 1120;
				ORGANIZATIONNAME = "周健平";
				TargetAttributes = {
					1A8D39E1238A9B9700FB1D9F = {
						CreatedOnToolsVersion = 11.2.1;
					};
				};
			};
			buildConfigurationList = 1A8D39DD238A9B9700FB1D9F /* Build configuration list for PBXProject "01-LLVM的中间代码" */;
			compatibilityVersion = "Xcode 9.3";
			developmentRegion = en;
			hasScannedForEncodings = 0;
			knownRegions = (
				en,
				Base,
			);
			mainGroup = 1A8D39D9238A9B9700FB1D9F;
			productRefGroup = 1A8D39E3238A9B9700FB1D9F /* Products */;
			projectDirPath = "";
			projectRoot = "";
			targets = (
				1A8D39E1238A9B9700FB1D9F /* 01-LLVM的中间代码 */,
			);
		};
/* End PBXProject section */

/* Begin PBXSourcesBuildPhase section */
		1A8D39DE238A9B9700FB1D9F /* Sources */ = {
			isa = PBXSourcesBuildPhase;
			buildActionMask = 2147483647;
			files = (
				1A8D39EE238A9BAE00FB1D9F /* JPPerson.m in Sources */,
				1A8D39E6238A9B9700FB1D9F /* main.m in Sources */,
			);
			runOnlyForDeploymentPostprocessing = 0;
		};
/* End PBXSourcesBuildPhase section */

/* Begin XCBuildConfiguration section */
		1A8D39E7238A9B9700FB1D9F /* Debug */ = {
			isa = XCBuildConfiguration;
			buildSettings = {
				ALWAYS_SEARCH_USER_PATHS = NO;
				CLANG_ANALYZER_NONNULL = YES;
				CLANG_ANALYZER_NUMBER_OBJECT_CONVERSION = YES_AGGRESSIVE;
				CLANG_CXX_LANGUAGE_STANDARD = "gnu++14";
				CLANG_CXX_LIBRARY = "libc++";
				CLANG_ENABLE_MODULES = YES;
				CLANG_ENABLE_OBJC_ARC = YES;
				CLANG_ENABLE_OBJC_WEAK = YES;
				CLANG_WARN_BLOCK_CAPTURE_AUTORELEASING = YES;
				CLANG_WARN_BOOL_CONVERSION = YES;
				CLANG_WARN_COMMA = YES;
				CLANG_WARN_CONSTANT_CONVERSION = YES;
				CLANG_WARN_DEPRECATED_OBJC_IMPLEMENTATIONS = YES;
				CLANG_WARN_DIRECT_OBJC_ISA_USAGE = YES_ERROR;
				CLANG_WARN_DOCUMENTATION_COMMENTS = YES;
				CLANG_WARN_EMPTY_BODY = YES;
				CLANG_WARN_ENUM_CONVERSION = YES;
				CLANG_WARN_INFINITE_RECURSION = YES;
				CLANG_WARN_INT_CONVERSION = YES;
				CLANG_WARN_NON_LITERAL_NULL_CONVERSION = YES;
				CLANG_WARN_OBJC_IMPLICIT_RETAIN_SELF = YES;
				CLANG_WARN_OBJC_LITERAL_CONVERSION = YES;
				CLANG_WARN_OBJC_ROOT_CLASS = YES_ERROR;
				CLANG_WARN_RANGE_LOOP_ANALYSIS = YES;
				CLANG_WARN_STRICT_PROTOTYPES = YES;
				CLANG_WARN_SUSPICIOUS_MOVE = YES;
				CLANG_WARN_UNGUARDED_AVAILABILITY = YES_AGGRESSIVE;
				CLANG_WARN_UNREACHABLE_CODE = YES;
				CLANG_WARN__DUPLICATE_METHOD_MATCH = YES;
				COPY_PHASE_STRIP = NO;
				DEBUG_INFORMATION_FORMAT = dwarf;
				ENABLE_STRICT_OBJC_MSGSEND = YES;
				ENABLE_TESTABILITY = YES;
				GCC_C_LANGUAGE_STANDARD = gnu11;
				GCC_DYNAMIC_NO_PIC = NO;
				GCC_NO_COMMON_BLOCKS = YES;
				GCC_OPTIMIZATION_LEVEL = 0;
				GCC_PREPROCESSOR_DEFINITIONS = (
					"DEBUG=1",
					"$(inherited)",
				);
				GCC_WARN_64_TO_32_BIT_CONVERSION = YES;
				GCC_WARN_ABOUT_RETURN_TYPE = YES_ERROR;
				GCC_WARN_UNDECLARED_SELECTOR = YES;
				GCC_WARN_UNINITIALIZED_AUTOS = YES_AGGRESSIVE;
				GCC_WARN_UNUSED_FUNCTION = YES;
				GCC_WARN_UNUSED_VARIABLE = YES;
				MACOSX_DEPLOYMENT_TARGET = 10.15;
				MTL_ENABLE_DEBUG_INFO = INCLUDE_SOURCE;
				MTL_FAST_MATH = YES;
				ONLY_ACTIVE_ARCH = YES;
				SDKROOT = macosx;
			};
			name = Debug;
		};
		1A8D39E8238A9B9700FB1D9F /* Release */ = {
			isa = XCBuildConfiguration;
			buildSettings = {
				ALWAYS_SEARCH_USER_PATHS = NO;
				CLANG_ANALYZER_NONNULL = YES;
				CLANG_ANALYZER_NUMBER_OBJECT_CONVERSION = YES_AGGRESSIVE;
				CLANG_CXX_LANGUAGE_STANDARD = "gnu++14";
				CLANG_CXX_LIBRARY = "libc++";
				CLANG_ENABLE_MODULES = YES;
				CLANG_ENABLE_OBJC_ARC = YES;
				CLANG_ENABLE_OBJC_WEAK = YES;
				CLANG_WARN_BLOCK_CAPTURE_AUTORELEASING = YES;
				CLANG_WARN_BOOL_CONVERSION = YES;
				CLANG_WARN_COMMA = YES;
				CLANG_WARN_CONSTANT_CONVERSION = YES;
				CLANG_WARN_DEPRECATED_OBJC_IMPLEMENTATIONS = YES;
				CLANG_WARN_DIRECT_OBJC_ISA_USAGE = YES_ERROR;
				CLANG_WARN_DOCUMENTATION_COMMENTS = YES;
				CLANG_WARN_EMPTY_BODY = YES;
				CLANG_WARN_ENUM_CONVERSION = YES;
				CLANG_WARN_INFINITE_RECURSION = YES;
				CLANG_WARN_INT_CONVERSION = YES;
				CLANG_WARN_NON_LITERAL_NULL_CONVERSION = YES;
				CLANG_WARN_OBJC_IMPLICIT_RETAIN_SELF = YES;
				CLANG_WARN_OBJC_LITERAL_CONVERSION = YES;
				CLANG_WARN_OBJC_ROOT_CLASS = YES_ERROR;
				CLANG_WARN_RANGE_LOOP_ANALYSIS = YES;
				CLANG_WARN_STRICT_PROTOTYPES = YES;
				CLANG_WARN_SUSPICIOUS_MOVE = YES;
				CLANG_WARN_UNGUARDED_AVAILABILITY = YES_AGGRESSIVE;
				CLANG_WARN_UNREACHABLE_CODE = YES;
				CLANG_WARN__DUPLICATE_METHOD_MATCH = YES;
				COPY_PHASE_STRIP = NO;
				DEBUG_INFORMATION_FORMAT = "dwarf-with-dsym";
				ENABLE_NS_ASSERTIONS = NO;
				ENABLE_STRICT_OBJC_MSGSEND = YES;
				GCC_C_LANGUAGE_STANDARD = gnu11;
				GCC_NO_COMMON_BLOCKS = YES;
				GCC_WARN_64_TO_32_BIT_CONVERSION = YES;
				GCC_WARN_ABOUT_RETURN_TYPE = YES_ERROR;
				GCC_WARN_UNDECLARED_SELECTOR = YES;
				GCC_WARN_UNINITIALIZED_AUTOS = YES_AGGRESSIVE;
				GCC_WARN_UNUSED_FUNCTION = YES;
				GCC_WARN_UNUSED_VARIABLE = YES;
				MACOSX_DEPLOYMENT_TARGET = 10.15;
				MTL_ENABLE_DEBUG_INFO = NO;
				MTL_FAST_MATH = YES;
				SDKROOT = macosx;
			};
			name = Release;
		};
		1A8D39EA238A9B9700FB1D9F /* Debug */ = {
			isa = XCBuildConfiguration;
			buildSettings = {
				CODE_SIGN_STYLE = Automatic;
				PRODUCT_NAME = "$(TARGET_NAME)";
			};
			name = Debug;
		};
		1A8D39EB238A9B9700FB1D9F /* Release */ = {
			isa = XCBuildConfiguration;
			buildSettings = {
				CODE_SIGN_STYLE = Automatic;
				PRODUCT_NAME = "$(TARGET_NAME)";
			};
			name = Release;
		};
/* End XCBuildConfiguration section */

/* Begin XCConfigurationList section */
		1A8D39DD238A9B9700FB1D9F /* Build configuration list for PBXProject "01-LLVM的中间代码" */ = {
			isa = XCConfigurationList;
			buildConfigurations = (
				1A8D39E7238A9B9700FB1D9F /* Debug */,
				1A8D39E8238A9B9700FB1D9F /* Release */,
			);
			defaultConfigurationIsVisible = 0;
			defaultConfigurationName = Release;
		};
		1A8D39E9238A9B9700FB1D9F /* Build configuration list for PBXNativeTarget "01-LLVM的中间代码" */ = {
			isa = XCConfigurationList;
			buildConfigurations = (
				1A8D39EA238A9B9700FB1D9F /* Debug */,
				1A8D39EB238A9B9700FB1D9F /* Release */,
			);
			defaultConfigurationIsVisible = 0;
			defaultConfigurationName = Release;
		};
/* End XCConfigurationList section */
	};
	rootObject = 1A8D39DA238A9B9700FB1D9F /* Project object */;
}
