// !$*UTF8*$!
{
	archiveVersion = 1;
	classes = {
	};
	objectVersion = 50;
	objects = {

/* Begin PBXBuildFile section */
		1ABD6EBD238D35960022BE40 /* AppDelegate.m in Sources */ = {isa = PBXBuildFile; fileRef = 1ABD6EBC238D35960022BE40 /* AppDelegate.m */; };
		1ABD6EC0238D35960022BE40 /* SceneDelegate.m in Sources */ = {isa = PBXBuildFile; fileRef = 1ABD6EBF238D35960022BE40 /* SceneDelegate.m */; };
		1ABD6EC3238D35960022BE40 /* ViewController.m in Sources */ = {isa = PBXBuildFile; fileRef = 1ABD6EC2238D35960022BE40 /* ViewController.m */; };
		1ABD6EC6238D35960022BE40 /* Main.storyboard in Resources */ = {isa = PBXBuildFile; fileRef = 1ABD6EC4238D35960022BE40 /* Main.storyboard */; };
		1ABD6EC8238D35970022BE40 /* Assets.xcassets in Resources */ = {isa = PBXBuildFile; fileRef = 1ABD6EC7238D35970022BE40 /* Assets.xcassets */; };
		1ABD6ECB238D35970022BE40 /* LaunchScreen.storyboard in Resources */ = {isa = PBXBuildFile; fileRef = 1ABD6EC9238D35970022BE40 /* LaunchScreen.storyboard */; };
		1ABD6ECE238D35970022BE40 /* main.m in Sources */ = {isa = PBXBuildFile; fileRef = 1ABD6ECD238D35970022BE40 /* main.m */; };
/* End PBXBuildFile section */

/* Begin PBXFileReference section */
		1A6130C9238EDC73002DB6DB /* RunLoop相关的类和结构.jpg */ = {isa = PBXFileReference; lastKnownFileType = image.jpeg; path = "RunLoop相关的类和结构.jpg"; sourceTree = "<group>"; };
		1A6130CA238EDC73002DB6DB /* RunLoop对象.jpg */ = {isa = PBXFileReference; lastKnownFileType = image.jpeg; path = "RunLoop对象.jpg"; sourceTree = "<group>"; };
		1ABD6EB8238D35960022BE40 /* 02-Runloop（底层结构）.app */ = {isa = PBXFileReference; explicitFileType = wrapper.application; includeInIndex = 0; path = "02-Runloop（底层结构）.app"; sourceTree = BUILT_PRODUCTS_DIR; };
		1ABD6EBB238D35960022BE40 /* AppDelegate.h */ = {isa = PBXFileReference; lastKnownFileType = sourcecode.c.h; path = AppDelegate.h; sourceTree = "<group>"; };
		1ABD6EBC238D35960022BE40 /* AppDelegate.m */ = {isa = PBXFileReference; lastKnownFileType = sourcecode.c.objc; path = AppDelegate.m; sourceTree = "<group>"; };
		1ABD6EBE238D35960022BE40 /* SceneDelegate.h */ = {isa = PBXFileReference; lastKnownFileType = sourcecode.c.h; path = SceneDelegate.h; sourceTree = "<group>"; };
		1ABD6EBF238D35960022BE40 /* SceneDelegate.m */ = {isa = PBXFileReference; lastKnownFileType = sourcecode.c.objc; path = SceneDelegate.m; sourceTree = "<group>"; };
		1ABD6EC1238D35960022BE40 /* ViewController.h */ = {isa = PBXFileReference; lastKnownFileType = sourcecode.c.h; path = ViewController.h; sourceTree = "<group>"; };
		1ABD6EC2238D35960022BE40 /* ViewController.m */ = {isa = PBXFileReference; lastKnownFileType = sourcecode.c.objc; path = ViewController.m; sourceTree = "<group>"; };
		1ABD6EC5238D35960022BE40 /* Base */ = {isa = PBXFileReference; lastKnownFileType = file.storyboard; name = Base; path = Base.lproj/Main.storyboard; sourceTree = "<group>"; };
		1ABD6EC7238D35970022BE40 /* Assets.xcassets */ = {isa = PBXFileReference; lastKnownFileType = folder.assetcatalog; path = Assets.xcassets; sourceTree = "<group>"; };
		1ABD6ECA238D35970022BE40 /* Base */ = {isa = PBXFileReference; lastKnownFileType = file.storyboard; name = Base; path = Base.lproj/LaunchScreen.storyboard; sourceTree = "<group>"; };
		1ABD6ECC238D35970022BE40 /* Info.plist */ = {isa = PBXFileReference; lastKnownFileType = text.plist.xml; path = Info.plist; sourceTree = "<group>"; };
		1ABD6ECD238D35970022BE40 /* main.m */ = {isa = PBXFileReference; lastKnownFileType = sourcecode.c.objc; path = main.m; sourceTree = "<group>"; };
/* End PBXFileReference section */

/* Begin PBXFrameworksBuildPhase section */
		1ABD6EB5238D35960022BE40 /* Frameworks */ = {
			isa = PBXFrameworksBuildPhase;
			buildActionMask = 2147483647;
			files = (
			);
			runOnlyForDeploymentPostprocessing = 0;
		};
/* End PBXFrameworksBuildPhase section */

/* Begin PBXGroup section */
		1ABD6EAF238D35960022BE40 = {
			isa = PBXGroup;
			children = (
				1ABD6EBA238D35960022BE40 /* 02-Runloop（底层结构） */,
				1ABD6EB9238D35960022BE40 /* Products */,
			);
			sourceTree = "<group>";
		};
		1ABD6EB9238D35960022BE40 /* Products */ = {
			isa = PBXGroup;
			children = (
				1ABD6EB8238D35960022BE40 /* 02-Runloop（底层结构）.app */,
			);
			name = Products;
			sourceTree = "<group>";
		};
		1ABD6EBA238D35960022BE40 /* 02-Runloop（底层结构） */ = {
			isa = PBXGroup;
			children = (
				1A6130CA238EDC73002DB6DB /* RunLoop对象.jpg */,
				1A6130C9238EDC73002DB6DB /* RunLoop相关的类和结构.jpg */,
				1ABD6EBB238D35960022BE40 /* AppDelegate.h */,
				1ABD6EBC238D35960022BE40 /* AppDelegate.m */,
				1ABD6EBE238D35960022BE40 /* SceneDelegate.h */,
				1ABD6EBF238D35960022BE40 /* SceneDelegate.m */,
				1ABD6EC1238D35960022BE40 /* ViewController.h */,
				1ABD6EC2238D35960022BE40 /* ViewController.m */,
				1ABD6EC4238D35960022BE40 /* Main.storyboard */,
				1ABD6EC7238D35970022BE40 /* Assets.xcassets */,
				1ABD6EC9238D35970022BE40 /* LaunchScreen.storyboard */,
				1ABD6ECC238D35970022BE40 /* Info.plist */,
				1ABD6ECD238D35970022BE40 /* main.m */,
			);
			path = "02-Runloop（底层结构）";
			sourceTree = "<group>";
		};
/* End PBXGroup section */

/* Begin PBXNativeTarget section */
		1ABD6EB7238D35960022BE40 /* 02-Runloop（底层结构） */ = {
			isa = PBXNativeTarget;
			buildConfigurationList = 1ABD6ED1238D35970022BE40 /* Build configuration list for PBXNativeTarget "02-Runloop（底层结构）" */;
			buildPhases = (
				1ABD6EB4238D35960022BE40 /* Sources */,
				1ABD6EB5238D35960022BE40 /* Frameworks */,
				1ABD6EB6238D35960022BE40 /* Resources */,
			);
			buildRules = (
			);
			dependencies = (
			);
			name = "02-Runloop（底层结构）";
			productName = "01-Runloop";
			productReference = 1ABD6EB8238D35960022BE40 /* 02-Runloop（底层结构）.app */;
			productType = "com.apple.product-type.application";
		};
/* End PBXNativeTarget section */

/* Begin PBXProject section */
		1ABD6EB0238D35960022BE40 /* Project object */ = {
			isa = PBXProject;
			attributes = {
				LastUpgradeCheck = 1120;
				ORGANIZATIONNAME = "周健平";
				TargetAttributes = {
					1ABD6EB7238D35960022BE40 = {
						CreatedOnToolsVersion = 11.2.1;
					};
				};
			};
			buildConfigurationList = 1ABD6EB3238D35960022BE40 /* Build configuration list for PBXProject "02-Runloop（底层结构）" */;
			compatibilityVersion = "Xcode 9.3";
			developmentRegion = en;
			hasScannedForEncodings = 0;
			knownRegions = (
				en,
				Base,
			);
			mainGroup = 1ABD6EAF238D35960022BE40;
			productRefGroup = 1ABD6EB9238D35960022BE40 /* Products */;
			projectDirPath = "";
			projectRoot = "";
			targets = (
				1ABD6EB7238D35960022BE40 /* 02-Runloop（底层结构） */,
			);
		};
/* End PBXProject section */

/* Begin PBXResourcesBuildPhase section */
		1ABD6EB6238D35960022BE40 /* Resources */ = {
			isa = PBXResourcesBuildPhase;
			buildActionMask = 2147483647;
			files = (
				1ABD6ECB238D35970022BE40 /* LaunchScreen.storyboard in Resources */,
				1ABD6EC8238D35970022BE40 /* Assets.xcassets in Resources */,
				1ABD6EC6238D35960022BE40 /* Main.storyboard in Resources */,
			);
			runOnlyForDeploymentPostprocessing = 0;
		};
/* End PBXResourcesBuildPhase section */

/* Begin PBXSourcesBuildPhase section */
		1ABD6EB4238D35960022BE40 /* Sources */ = {
			isa = PBXSourcesBuildPhase;
			buildActionMask = 2147483647;
			files = (
				1ABD6EC3238D35960022BE40 /* ViewController.m in Sources */,
				1ABD6EBD238D35960022BE40 /* AppDelegate.m in Sources */,
				1ABD6ECE238D35970022BE40 /* main.m in Sources */,
				1ABD6EC0238D35960022BE40 /* SceneDelegate.m in Sources */,
			);
			runOnlyForDeploymentPostprocessing = 0;
		};
/* End PBXSourcesBuildPhase section */

/* Begin PBXVariantGroup section */
		1ABD6EC4238D35960022BE40 /* Main.storyboard */ = {
			isa = PBXVariantGroup;
			children = (
				1ABD6EC5238D35960022BE40 /* Base */,
			);
			name = Main.storyboard;
			sourceTree = "<group>";
		};
		1ABD6EC9238D35970022BE40 /* LaunchScreen.storyboard */ = {
			isa = PBXVariantGroup;
			children = (
				1ABD6ECA238D35970022BE40 /* Base */,
			);
			name = LaunchScreen.storyboard;
			sourceTree = "<group>";
		};
/* End PBXVariantGroup section */

/* Begin XCBuildConfiguration section */
		1ABD6ECF238D35970022BE40 /* Debug */ = {
			isa = XCBuildConfiguration;
			buildSettings = {
				ALWAYS_SEARCH_USER_PATHS = NO;
				CLANG_ANALYZER_NONNULL = YES;
				CLANG_ANALYZER_NUMBER_OBJECT_CONVERSION = YES_AGGRESSIVE;
				CLANG_CXX_LANGUAGE_STANDARD = "gnu++14";
				CLANG_CXX_LIBRARY = "libc++";
				CLANG_ENABLE_MODULES = YES;
				CLANG_ENABLE_OBJC_ARC = YES;
				CLANG_ENABLE_OBJC_WEAK = YES;
				CLANG_WARN_BLOCK_CAPTURE_AUTORELEASING = YES;
				CLANG_WARN_BOOL_CONVERSION = YES;
				CLANG_WARN_COMMA = YES;
				CLANG_WARN_CONSTANT_CONVERSION = YES;
				CLANG_WARN_DEPRECATED_OBJC_IMPLEMENTATIONS = YES;
				CLANG_WARN_DIRECT_OBJC_ISA_USAGE = YES_ERROR;
				CLANG_WARN_DOCUMENTATION_COMMENTS = YES;
				CLANG_WARN_EMPTY_BODY = YES;
				CLANG_WARN_ENUM_CONVERSION = YES;
				CLANG_WARN_INFINITE_RECURSION = YES;
				CLANG_WARN_INT_CONVERSION = YES;
				CLANG_WARN_NON_LITERAL_NULL_CONVERSION = YES;
				CLANG_WARN_OBJC_IMPLICIT_RETAIN_SELF = YES;
				CLANG_WARN_OBJC_LITERAL_CONVERSION = YES;
				CLANG_WARN_OBJC_ROOT_CLASS = YES_ERROR;
				CLANG_WARN_RANGE_LOOP_ANALYSIS = YES;
				CLANG_WARN_STRICT_PROTOTYPES = YES;
				CLANG_WARN_SUSPICIOUS_MOVE = YES;
				CLANG_WARN_UNGUARDED_AVAILABILITY = YES_AGGRESSIVE;
				CLANG_WARN_UNREACHABLE_CODE = YES;
				CLANG_WARN__DUPLICATE_METHOD_MATCH = YES;
				COPY_PHASE_STRIP = NO;
				DEBUG_INFORMATION_FORMAT = dwarf;
				ENABLE_STRICT_OBJC_MSGSEND = YES;
				ENABLE_TESTABILITY = YES;
				GCC_C_LANGUAGE_STANDARD = gnu11;
				GCC_DYNAMIC_NO_PIC = NO;
				GCC_NO_COMMON_BLOCKS = YES;
				GCC_OPTIMIZATION_LEVEL = 0;
				GCC_PREPROCESSOR_DEFINITIONS = (
					"DEBUG=1",
					"$(inherited)",
				);
				GCC_WARN_64_TO_32_BIT_CONVERSION = YES;
				GCC_WARN_ABOUT_RETURN_TYPE = YES_ERROR;
				GCC_WARN_UNDECLARED_SELECTOR = YES;
				GCC_WARN_UNINITIALIZED_AUTOS = YES_AGGRESSIVE;
				GCC_WARN_UNUSED_FUNCTION = YES;
				GCC_WARN_UNUSED_VARIABLE = YES;
				IPHONEOS_DEPLOYMENT_TARGET = 13.2;
				MTL_ENABLE_DEBUG_INFO = INCLUDE_SOURCE;
				MTL_FAST_MATH = YES;
				ONLY_ACTIVE_ARCH = YES;
				SDKROOT = iphoneos;
			};
			name = Debug;
		};
		1ABD6ED0238D35970022BE40 /* Release */ = {
			isa = XCBuildConfiguration;
			buildSettings = {
				ALWAYS_SEARCH_USER_PATHS = NO;
				CLANG_ANALYZER_NONNULL = YES;
				CLANG_ANALYZER_NUMBER_OBJECT_CONVERSION = YES_AGGRESSIVE;
				CLANG_CXX_LANGUAGE_STANDARD = "gnu++14";
				CLANG_CXX_LIBRARY = "libc++";
				CLANG_ENABLE_MODULES = YES;
				CLANG_ENABLE_OBJC_ARC = YES;
				CLANG_ENABLE_OBJC_WEAK = YES;
				CLANG_WARN_BLOCK_CAPTURE_AUTORELEASING = YES;
				CLANG_WARN_BOOL_CONVERSION = YES;
				CLANG_WARN_COMMA = YES;
				CLANG_WARN_CONSTANT_CONVERSION = YES;
				CLANG_WARN_DEPRECATED_OBJC_IMPLEMENTATIONS = YES;
				CLANG_WARN_DIRECT_OBJC_ISA_USAGE = YES_ERROR;
				CLANG_WARN_DOCUMENTATION_COMMENTS = YES;
				CLANG_WARN_EMPTY_BODY = YES;
				CLANG_WARN_ENUM_CONVERSION = YES;
				CLANG_WARN_INFINITE_RECURSION = YES;
				CLANG_WARN_INT_CONVERSION = YES;
				CLANG_WARN_NON_LITERAL_NULL_CONVERSION = YES;
				CLANG_WARN_OBJC_IMPLICIT_RETAIN_SELF = YES;
				CLANG_WARN_OBJC_LITERAL_CONVERSION = YES;
				CLANG_WARN_OBJC_ROOT_CLASS = YES_ERROR;
				CLANG_WARN_RANGE_LOOP_ANALYSIS = YES;
				CLANG_WARN_STRICT_PROTOTYPES = YES;
				CLANG_WARN_SUSPICIOUS_MOVE = YES;
				CLANG_WARN_UNGUARDED_AVAILABILITY = YES_AGGRESSIVE;
				CLANG_WARN_UNREACHABLE_CODE = YES;
				CLANG_WARN__DUPLICATE_METHOD_MATCH = YES;
				COPY_PHASE_STRIP = NO;
				DEBUG_INFORMATION_FORMAT = "dwarf-with-dsym";
				ENABLE_NS_ASSERTIONS = NO;
				ENABLE_STRICT_OBJC_MSGSEND = YES;
				GCC_C_LANGUAGE_STANDARD = gnu11;
				GCC_NO_COMMON_BLOCKS = YES;
				GCC_WARN_64_TO_32_BIT_CONVERSION = YES;
				GCC_WARN_ABOUT_RETURN_TYPE = YES_ERROR;
				GCC_WARN_UNDECLARED_SELECTOR = YES;
				GCC_WARN_UNINITIALIZED_AUTOS = YES_AGGRESSIVE;
				GCC_WARN_UNUSED_FUNCTION = YES;
				GCC_WARN_UNUSED_VARIABLE = YES;
				IPHONEOS_DEPLOYMENT_TARGET = 13.2;
				MTL_ENABLE_DEBUG_INFO = NO;
				MTL_FAST_MATH = YES;
				SDKROOT = iphoneos;
				VALIDATE_PRODUCT = YES;
			};
			name = Release;
		};
		1ABD6ED2238D35970022BE40 /* Debug */ = {
			isa = XCBuildConfiguration;
			buildSettings = {
				ASSETCATALOG_COMPILER_APPICON_NAME = AppIcon;
				CODE_SIGN_STYLE = Automatic;
				INFOPLIST_FILE = "02-Runloop（底层结构）/Info.plist";
				IPHONEOS_DEPLOYMENT_TARGET = 11.3;
				LD_RUNPATH_SEARCH_PATHS = (
					"$(inherited)",
					"@executable_path/Frameworks",
				);
				PRODUCT_BUNDLE_IDENTIFIER = "zhoujianping.-1-Runloop";
				PRODUCT_NAME = "$(TARGET_NAME)";
				TARGETED_DEVICE_FAMILY = "1,2";
			};
			name = Debug;
		};
		1ABD6ED3238D35970022BE40 /* Release */ = {
			isa = XCBuildConfiguration;
			buildSettings = {
				ASSETCATALOG_COMPILER_APPICON_NAME = AppIcon;
				CODE_SIGN_STYLE = Automatic;
				INFOPLIST_FILE = "02-Runloop（底层结构）/Info.plist";
				IPHONEOS_DEPLOYMENT_TARGET = 11.3;
				LD_RUNPATH_SEARCH_PATHS = (
					"$(inherited)",
					"@executable_path/Frameworks",
				);
				PRODUCT_BUNDLE_IDENTIFIER = "zhoujianping.-1-Runloop";
				PRODUCT_NAME = "$(TARGET_NAME)";
				TARGETED_DEVICE_FAMILY = "1,2";
			};
			name = Release;
		};
/* End XCBuildConfiguration section */

/* Begin XCConfigurationList section */
		1ABD6EB3238D35960022BE40 /* Build configuration list for PBXProject "02-Runloop（底层结构）" */ = {
			isa = XCConfigurationList;
			buildConfigurations = (
				1ABD6ECF238D35970022BE40 /* Debug */,
				1ABD6ED0238D35970022BE40 /* Release */,
			);
			defaultConfigurationIsVisible = 0;
			defaultConfigurationName = Release;
		};
		1ABD6ED1238D35970022BE40 /* Build configuration list for PBXNativeTarget "02-Runloop（底层结构）" */ = {
			isa = XCConfigurationList;
			buildConfigurations = (
				1ABD6ED2238D35970022BE40 /* Debug */,
				1ABD6ED3238D35970022BE40 /* Release */,
			);
			defaultConfigurationIsVisible = 0;
			defaultConfigurationName = Release;
		};
/* End XCConfigurationList section */
	};
	rootObject = 1ABD6EB0238D35960022BE40 /* Project object */;
}
