// !$*UTF8*$!
{
	archiveVersion = 1;
	classes = {
	};
	objectVersion = 50;
	objects = {

/* Begin PBXBuildFile section */
		1AD2BE5C2360A2DD0006B201 /* main.m in Sources */ = {isa = PBXBuildFile; fileRef = 1AD2BE5B2360A2DD0006B201 /* main.m */; };
		1AD2BE6B23613FF20006B201 /* NSObject+Test.m in Sources */ = {isa = PBXBuildFile; fileRef = 1AD2BE6A23613FF20006B201 /* NSObject+Test.m */; };
/* End PBXBuildFile section */

/* Begin PBXCopyFilesBuildPhase section */
		1AD2BE562360A2DD0006B201 /* CopyFiles */ = {
			isa = PBXCopyFilesBuildPhase;
			buildActionMask = 2147483647;
			dstPath = /usr/share/man/man1/;
			dstSubfolderSpec = 0;
			files = (
			);
			runOnlyForDeploymentPostprocessing = 1;
		};
/* End PBXCopyFilesBuildPhase section */

/* Begin PBXFileReference section */
		1AD2BE582360A2DD0006B201 /* 01-isa和superclass */ = {isa = PBXFileReference; explicitFileType = "compiled.mach-o.executable"; includeInIndex = 0; path = "01-isa和superclass"; sourceTree = BUILT_PRODUCTS_DIR; };
		1AD2BE5B2360A2DD0006B201 /* main.m */ = {isa = PBXFileReference; lastKnownFileType = sourcecode.c.objc; path = main.m; sourceTree = "<group>"; };
		1AD2BE622360A8350006B201 /* main-arm64.cpp */ = {isa = PBXFileReference; fileEncoding = 4; lastKnownFileType = sourcecode.cpp.cpp; path = "main-arm64.cpp"; sourceTree = "<group>"; };
		1AD2BE642360ADDA0006B201 /* isa指针的作用.jpg */ = {isa = PBXFileReference; lastKnownFileType = image.jpeg; path = "isa指针的作用.jpg"; sourceTree = "<group>"; };
		1AD2BE652360B0500006B201 /* OC对象.jpg */ = {isa = PBXFileReference; lastKnownFileType = image.jpeg; path = "OC对象.jpg"; sourceTree = "<group>"; };
		1AD2BE662360B26A0006B201 /* superclass指针的作用(class对象).jpg */ = {isa = PBXFileReference; lastKnownFileType = image.jpeg; path = "superclass指针的作用(class对象).jpg"; sourceTree = "<group>"; };
		1AD2BE672360B5C30006B201 /* superclass指针的作用(meta-class对象).jpg */ = {isa = PBXFileReference; lastKnownFileType = image.jpeg; path = "superclass指针的作用(meta-class对象).jpg"; sourceTree = "<group>"; };
		1AD2BE682360CF0E0006B201 /* 关系图.jpg */ = {isa = PBXFileReference; lastKnownFileType = image.jpeg; path = "关系图.jpg"; sourceTree = "<group>"; };
		1AD2BE6923613FF20006B201 /* NSObject+Test.h */ = {isa = PBXFileReference; lastKnownFileType = sourcecode.c.h; path = "NSObject+Test.h"; sourceTree = "<group>"; };
		1AD2BE6A23613FF20006B201 /* NSObject+Test.m */ = {isa = PBXFileReference; lastKnownFileType = sourcecode.c.objc; path = "NSObject+Test.m"; sourceTree = "<group>"; };
/* End PBXFileReference section */

/* Begin PBXFrameworksBuildPhase section */
		1AD2BE552360A2DD0006B201 /* Frameworks */ = {
			isa = PBXFrameworksBuildPhase;
			buildActionMask = 2147483647;
			files = (
			);
			runOnlyForDeploymentPostprocessing = 0;
		};
/* End PBXFrameworksBuildPhase section */

/* Begin PBXGroup section */
		1AD2BE4F2360A2DD0006B201 = {
			isa = PBXGroup;
			children = (
				1AD2BE5A2360A2DD0006B201 /* 01-isa和superclass */,
				1AD2BE592360A2DD0006B201 /* Products */,
			);
			sourceTree = "<group>";
		};
		1AD2BE592360A2DD0006B201 /* Products */ = {
			isa = PBXGroup;
			children = (
				1AD2BE582360A2DD0006B201 /* 01-isa和superclass */,
			);
			name = Products;
			sourceTree = "<group>";
		};
		1AD2BE5A2360A2DD0006B201 /* 01-isa和superclass */ = {
			isa = PBXGroup;
			children = (
				1AD2BE652360B0500006B201 /* OC对象.jpg */,
				1AD2BE642360ADDA0006B201 /* isa指针的作用.jpg */,
				1AD2BE662360B26A0006B201 /* superclass指针的作用(class对象).jpg */,
				1AD2BE672360B5C30006B201 /* superclass指针的作用(meta-class对象).jpg */,
				1AD2BE682360CF0E0006B201 /* 关系图.jpg */,
				1AD2BE622360A8350006B201 /* main-arm64.cpp */,
				1AD2BE5B2360A2DD0006B201 /* main.m */,
				1AD2BE6923613FF20006B201 /* NSObject+Test.h */,
				1AD2BE6A23613FF20006B201 /* NSObject+Test.m */,
			);
			path = "01-isa和superclass";
			sourceTree = "<group>";
		};
/* End PBXGroup section */

/* Begin PBXNativeTarget section */
		1AD2BE572360A2DD0006B201 /* 01-isa和superclass */ = {
			isa = PBXNativeTarget;
			buildConfigurationList = 1AD2BE5F2360A2DD0006B201 /* Build configuration list for PBXNativeTarget "01-isa和superclass" */;
			buildPhases = (
				1AD2BE542360A2DD0006B201 /* Sources */,
				1AD2BE552360A2DD0006B201 /* Frameworks */,
				1AD2BE562360A2DD0006B201 /* CopyFiles */,
			);
			buildRules = (
			);
			dependencies = (
			);
			name = "01-isa和superclass";
			productName = "01-isa和superclass";
			productReference = 1AD2BE582360A2DD0006B201 /* 01-isa和superclass */;
			productType = "com.apple.product-type.tool";
		};
/* End PBXNativeTarget section */

/* Begin PBXProject section */
		1AD2BE502360A2DD0006B201 /* Project object */ = {
			isa = PBXProject;
			attributes = {
				LastUpgradeCheck = 1110;
				ORGANIZATIONNAME = "周健平";
				TargetAttributes = {
					1AD2BE572360A2DD0006B201 = {
						CreatedOnToolsVersion = 11.1;
					};
				};
			};
			buildConfigurationList = 1AD2BE532360A2DD0006B201 /* Build configuration list for PBXProject "01-isa和superclass" */;
			compatibilityVersion = "Xcode 9.3";
			developmentRegion = en;
			hasScannedForEncodings = 0;
			knownRegions = (
				en,
				Base,
			);
			mainGroup = 1AD2BE4F2360A2DD0006B201;
			productRefGroup = 1AD2BE592360A2DD0006B201 /* Products */;
			projectDirPath = "";
			projectRoot = "";
			targets = (
				1AD2BE572360A2DD0006B201 /* 01-isa和superclass */,
			);
		};
/* End PBXProject section */

/* Begin PBXSourcesBuildPhase section */
		1AD2BE542360A2DD0006B201 /* Sources */ = {
			isa = PBXSourcesBuildPhase;
			buildActionMask = 2147483647;
			files = (
				1AD2BE5C2360A2DD0006B201 /* main.m in Sources */,
				1AD2BE6B23613FF20006B201 /* NSObject+Test.m in Sources */,
			);
			runOnlyForDeploymentPostprocessing = 0;
		};
/* End PBXSourcesBuildPhase section */

/* Begin XCBuildConfiguration section */
		1AD2BE5D2360A2DD0006B201 /* Debug */ = {
			isa = XCBuildConfiguration;
			buildSettings = {
				ALWAYS_SEARCH_USER_PATHS = NO;
				CLANG_ANALYZER_NONNULL = YES;
				CLANG_ANALYZER_NUMBER_OBJECT_CONVERSION = YES_AGGRESSIVE;
				CLANG_CXX_LANGUAGE_STANDARD = "gnu++14";
				CLANG_CXX_LIBRARY = "libc++";
				CLANG_ENABLE_MODULES = YES;
				CLANG_ENABLE_OBJC_ARC = YES;
				CLANG_ENABLE_OBJC_WEAK = YES;
				CLANG_WARN_BLOCK_CAPTURE_AUTORELEASING = YES;
				CLANG_WARN_BOOL_CONVERSION = YES;
				CLANG_WARN_COMMA = YES;
				CLANG_WARN_CONSTANT_CONVERSION = YES;
				CLANG_WARN_DEPRECATED_OBJC_IMPLEMENTATIONS = YES;
				CLANG_WARN_DIRECT_OBJC_ISA_USAGE = YES_ERROR;
				CLANG_WARN_DOCUMENTATION_COMMENTS = YES;
				CLANG_WARN_EMPTY_BODY = YES;
				CLANG_WARN_ENUM_CONVERSION = YES;
				CLANG_WARN_INFINITE_RECURSION = YES;
				CLANG_WARN_INT_CONVERSION = YES;
				CLANG_WARN_NON_LITERAL_NULL_CONVERSION = YES;
				CLANG_WARN_OBJC_IMPLICIT_RETAIN_SELF = YES;
				CLANG_WARN_OBJC_LITERAL_CONVERSION = YES;
				CLANG_WARN_OBJC_ROOT_CLASS = YES_ERROR;
				CLANG_WARN_RANGE_LOOP_ANALYSIS = YES;
				CLANG_WARN_STRICT_PROTOTYPES = YES;
				CLANG_WARN_SUSPICIOUS_MOVE = YES;
				CLANG_WARN_UNGUARDED_AVAILABILITY = YES_AGGRESSIVE;
				CLANG_WARN_UNREACHABLE_CODE = YES;
				CLANG_WARN__DUPLICATE_METHOD_MATCH = YES;
				COPY_PHASE_STRIP = NO;
				DEBUG_INFORMATION_FORMAT = dwarf;
				ENABLE_STRICT_OBJC_MSGSEND = YES;
				ENABLE_TESTABILITY = YES;
				GCC_C_LANGUAGE_STANDARD = gnu11;
				GCC_DYNAMIC_NO_PIC = NO;
				GCC_NO_COMMON_BLOCKS = YES;
				GCC_OPTIMIZATION_LEVEL = 0;
				GCC_PREPROCESSOR_DEFINITIONS = (
					"DEBUG=1",
					"$(inherited)",
				);
				GCC_WARN_64_TO_32_BIT_CONVERSION = YES;
				GCC_WARN_ABOUT_RETURN_TYPE = YES_ERROR;
				GCC_WARN_UNDECLARED_SELECTOR = YES;
				GCC_WARN_UNINITIALIZED_AUTOS = YES_AGGRESSIVE;
				GCC_WARN_UNUSED_FUNCTION = YES;
				GCC_WARN_UNUSED_VARIABLE = YES;
				MACOSX_DEPLOYMENT_TARGET = 10.15;
				MTL_ENABLE_DEBUG_INFO = INCLUDE_SOURCE;
				MTL_FAST_MATH = YES;
				ONLY_ACTIVE_ARCH = YES;
				SDKROOT = macosx;
			};
			name = Debug;
		};
		1AD2BE5E2360A2DD0006B201 /* Release */ = {
			isa = XCBuildConfiguration;
			buildSettings = {
				ALWAYS_SEARCH_USER_PATHS = NO;
				CLANG_ANALYZER_NONNULL = YES;
				CLANG_ANALYZER_NUMBER_OBJECT_CONVERSION = YES_AGGRESSIVE;
				CLANG_CXX_LANGUAGE_STANDARD = "gnu++14";
				CLANG_CXX_LIBRARY = "libc++";
				CLANG_ENABLE_MODULES = YES;
				CLANG_ENABLE_OBJC_ARC = YES;
				CLANG_ENABLE_OBJC_WEAK = YES;
				CLANG_WARN_BLOCK_CAPTURE_AUTORELEASING = YES;
				CLANG_WARN_BOOL_CONVERSION = YES;
				CLANG_WARN_COMMA = YES;
				CLANG_WARN_CONSTANT_CONVERSION = YES;
				CLANG_WARN_DEPRECATED_OBJC_IMPLEMENTATIONS = YES;
				CLANG_WARN_DIRECT_OBJC_ISA_USAGE = YES_ERROR;
				CLANG_WARN_DOCUMENTATION_COMMENTS = YES;
				CLANG_WARN_EMPTY_BODY = YES;
				CLANG_WARN_ENUM_CONVERSION = YES;
				CLANG_WARN_INFINITE_RECURSION = YES;
				CLANG_WARN_INT_CONVERSION = YES;
				CLANG_WARN_NON_LITERAL_NULL_CONVERSION = YES;
				CLANG_WARN_OBJC_IMPLICIT_RETAIN_SELF = YES;
				CLANG_WARN_OBJC_LITERAL_CONVERSION = YES;
				CLANG_WARN_OBJC_ROOT_CLASS = YES_ERROR;
				CLANG_WARN_RANGE_LOOP_ANALYSIS = YES;
				CLANG_WARN_STRICT_PROTOTYPES = YES;
				CLANG_WARN_SUSPICIOUS_MOVE = YES;
				CLANG_WARN_UNGUARDED_AVAILABILITY = YES_AGGRESSIVE;
				CLANG_WARN_UNREACHABLE_CODE = YES;
				CLANG_WARN__DUPLICATE_METHOD_MATCH = YES;
				COPY_PHASE_STRIP = NO;
				DEBUG_INFORMATION_FORMAT = "dwarf-with-dsym";
				ENABLE_NS_ASSERTIONS = NO;
				ENABLE_STRICT_OBJC_MSGSEND = YES;
				GCC_C_LANGUAGE_STANDARD = gnu11;
				GCC_NO_COMMON_BLOCKS = YES;
				GCC_WARN_64_TO_32_BIT_CONVERSION = YES;
				GCC_WARN_ABOUT_RETURN_TYPE = YES_ERROR;
				GCC_WARN_UNDECLARED_SELECTOR = YES;
				GCC_WARN_UNINITIALIZED_AUTOS = YES_AGGRESSIVE;
				GCC_WARN_UNUSED_FUNCTION = YES;
				GCC_WARN_UNUSED_VARIABLE = YES;
				MACOSX_DEPLOYMENT_TARGET = 10.15;
				MTL_ENABLE_DEBUG_INFO = NO;
				MTL_FAST_MATH = YES;
				SDKROOT = macosx;
			};
			name = Release;
		};
		1AD2BE602360A2DD0006B201 /* Debug */ = {
			isa = XCBuildConfiguration;
			buildSettings = {
				CODE_SIGN_STYLE = Automatic;
				PRODUCT_NAME = "$(TARGET_NAME)";
			};
			name = Debug;
		};
		1AD2BE612360A2DD0006B201 /* Release */ = {
			isa = XCBuildConfiguration;
			buildSettings = {
				CODE_SIGN_STYLE = Automatic;
				PRODUCT_NAME = "$(TARGET_NAME)";
			};
			name = Release;
		};
/* End XCBuildConfiguration section */

/* Begin XCConfigurationList section */
		1AD2BE532360A2DD0006B201 /* Build configuration list for PBXProject "01-isa和superclass" */ = {
			isa = XCConfigurationList;
			buildConfigurations = (
				1AD2BE5D2360A2DD0006B201 /* Debug */,
				1AD2BE5E2360A2DD0006B201 /* Release */,
			);
			defaultConfigurationIsVisible = 0;
			defaultConfigurationName = Release;
		};
		1AD2BE5F2360A2DD0006B201 /* Build configuration list for PBXNativeTarget "01-isa和superclass" */ = {
			isa = XCConfigurationList;
			buildConfigurations = (
				1AD2BE602360A2DD0006B201 /* Debug */,
				1AD2BE612360A2DD0006B201 /* Release */,
			);
			defaultConfigurationIsVisible = 0;
			defaultConfigurationName = Release;
		};
/* End XCConfigurationList section */
	};
	rootObject = 1AD2BE502360A2DD0006B201 /* Project object */;
}
