// !$*UTF8*$!
{
	archiveVersion = 1;
	classes = {
	};
	objectVersion = 50;
	objects = {

/* Begin PBXBuildFile section */
		1A10439723A622EA00D1B2DF /* AppDelegate.m in Sources */ = {isa = PBXBuildFile; fileRef = 1A10439623A622EA00D1B2DF /* AppDelegate.m */; };
		1A10439A23A622EA00D1B2DF /* SceneDelegate.m in Sources */ = {isa = PBXBuildFile; fileRef = 1A10439923A622EA00D1B2DF /* SceneDelegate.m */; };
		1A10439D23A622EA00D1B2DF /* ViewController.m in Sources */ = {isa = PBXBuildFile; fileRef = 1A10439C23A622EA00D1B2DF /* ViewController.m */; };
		1A1043A023A622EA00D1B2DF /* Main.storyboard in Resources */ = {isa = PBXBuildFile; fileRef = 1A10439E23A622EA00D1B2DF /* Main.storyboard */; };
		1A1043A223A622EB00D1B2DF /* Assets.xcassets in Resources */ = {isa = PBXBuildFile; fileRef = 1A1043A123A622EB00D1B2DF /* Assets.xcassets */; };
		1A1043A523A622EB00D1B2DF /* LaunchScreen.storyboard in Resources */ = {isa = PBXBuildFile; fileRef = 1A1043A323A622EB00D1B2DF /* LaunchScreen.storyboard */; };
		1A1043A823A622EB00D1B2DF /* main.m in Sources */ = {isa = PBXBuildFile; fileRef = 1A1043A723A622EB00D1B2DF /* main.m */; };
/* End PBXBuildFile section */

/* Begin PBXFileReference section */
		1A10439223A622EA00D1B2DF /* 05-内存管理-面试题.app */ = {isa = PBXFileReference; explicitFileType = wrapper.application; includeInIndex = 0; path = "05-内存管理-面试题.app"; sourceTree = BUILT_PRODUCTS_DIR; };
		1A10439523A622EA00D1B2DF /* AppDelegate.h */ = {isa = PBXFileReference; lastKnownFileType = sourcecode.c.h; path = AppDelegate.h; sourceTree = "<group>"; };
		1A10439623A622EA00D1B2DF /* AppDelegate.m */ = {isa = PBXFileReference; lastKnownFileType = sourcecode.c.objc; path = AppDelegate.m; sourceTree = "<group>"; };
		1A10439823A622EA00D1B2DF /* SceneDelegate.h */ = {isa = PBXFileReference; lastKnownFileType = sourcecode.c.h; path = SceneDelegate.h; sourceTree = "<group>"; };
		1A10439923A622EA00D1B2DF /* SceneDelegate.m */ = {isa = PBXFileReference; lastKnownFileType = sourcecode.c.objc; path = SceneDelegate.m; sourceTree = "<group>"; };
		1A10439B23A622EA00D1B2DF /* ViewController.h */ = {isa = PBXFileReference; lastKnownFileType = sourcecode.c.h; path = ViewController.h; sourceTree = "<group>"; };
		1A10439C23A622EA00D1B2DF /* ViewController.m */ = {isa = PBXFileReference; lastKnownFileType = sourcecode.c.objc; path = ViewController.m; sourceTree = "<group>"; };
		1A10439F23A622EA00D1B2DF /* Base */ = {isa = PBXFileReference; lastKnownFileType = file.storyboard; name = Base; path = Base.lproj/Main.storyboard; sourceTree = "<group>"; };
		1A1043A123A622EB00D1B2DF /* Assets.xcassets */ = {isa = PBXFileReference; lastKnownFileType = folder.assetcatalog; path = Assets.xcassets; sourceTree = "<group>"; };
		1A1043A423A622EB00D1B2DF /* Base */ = {isa = PBXFileReference; lastKnownFileType = file.storyboard; name = Base; path = Base.lproj/LaunchScreen.storyboard; sourceTree = "<group>"; };
		1A1043A623A622EB00D1B2DF /* Info.plist */ = {isa = PBXFileReference; lastKnownFileType = text.plist.xml; path = Info.plist; sourceTree = "<group>"; };
		1A1043A723A622EB00D1B2DF /* main.m */ = {isa = PBXFileReference; lastKnownFileType = sourcecode.c.objc; path = main.m; sourceTree = "<group>"; };
		1AE758B023B39E7C00955316 /* iOS13起就不同了（应该打了掩码）.jpg */ = {isa = PBXFileReference; lastKnownFileType = image.jpeg; path = "iOS13起就不同了（应该打了掩码）.jpg"; sourceTree = "<group>"; };
		1AE758B123B39E8900955316 /* iOS13之前直接存储.jpg */ = {isa = PBXFileReference; lastKnownFileType = image.jpeg; path = "iOS13之前直接存储.jpg"; sourceTree = "<group>"; };
/* End PBXFileReference section */

/* Begin PBXFrameworksBuildPhase section */
		1A10438F23A622EA00D1B2DF /* Frameworks */ = {
			isa = PBXFrameworksBuildPhase;
			buildActionMask = 2147483647;
			files = (
			);
			runOnlyForDeploymentPostprocessing = 0;
		};
/* End PBXFrameworksBuildPhase section */

/* Begin PBXGroup section */
		1A10438923A622EA00D1B2DF = {
			isa = PBXGroup;
			children = (
				1A10439423A622EA00D1B2DF /* 05-内存管理-面试题 */,
				1A10439323A622EA00D1B2DF /* Products */,
			);
			sourceTree = "<group>";
		};
		1A10439323A622EA00D1B2DF /* Products */ = {
			isa = PBXGroup;
			children = (
				1A10439223A622EA00D1B2DF /* 05-内存管理-面试题.app */,
			);
			name = Products;
			sourceTree = "<group>";
		};
		1A10439423A622EA00D1B2DF /* 05-内存管理-面试题 */ = {
			isa = PBXGroup;
			children = (
				1AE758B023B39E7C00955316 /* iOS13起就不同了（应该打了掩码）.jpg */,
				1AE758B123B39E8900955316 /* iOS13之前直接存储.jpg */,
				1A10439523A622EA00D1B2DF /* AppDelegate.h */,
				1A10439623A622EA00D1B2DF /* AppDelegate.m */,
				1A10439823A622EA00D1B2DF /* SceneDelegate.h */,
				1A10439923A622EA00D1B2DF /* SceneDelegate.m */,
				1A10439B23A622EA00D1B2DF /* ViewController.h */,
				1A10439C23A622EA00D1B2DF /* ViewController.m */,
				1A10439E23A622EA00D1B2DF /* Main.storyboard */,
				1A1043A123A622EB00D1B2DF /* Assets.xcassets */,
				1A1043A323A622EB00D1B2DF /* LaunchScreen.storyboard */,
				1A1043A623A622EB00D1B2DF /* Info.plist */,
				1A1043A723A622EB00D1B2DF /* main.m */,
			);
			path = "05-内存管理-面试题";
			sourceTree = "<group>";
		};
/* End PBXGroup section */

/* Begin PBXNativeTarget section */
		1A10439123A622EA00D1B2DF /* 05-内存管理-面试题 */ = {
			isa = PBXNativeTarget;
			buildConfigurationList = 1A1043AB23A622EB00D1B2DF /* Build configuration list for PBXNativeTarget "05-内存管理-面试题" */;
			buildPhases = (
				1A10438E23A622EA00D1B2DF /* Sources */,
				1A10438F23A622EA00D1B2DF /* Frameworks */,
				1A10439023A622EA00D1B2DF /* Resources */,
			);
			buildRules = (
			);
			dependencies = (
			);
			name = "05-内存管理-面试题";
			productName = "05-内存管理-面试题";
			productReference = 1A10439223A622EA00D1B2DF /* 05-内存管理-面试题.app */;
			productType = "com.apple.product-type.application";
		};
/* End PBXNativeTarget section */

/* Begin PBXProject section */
		1A10438A23A622EA00D1B2DF /* Project object */ = {
			isa = PBXProject;
			attributes = {
				LastUpgradeCheck = 1120;
				ORGANIZATIONNAME = "周健平";
				TargetAttributes = {
					1A10439123A622EA00D1B2DF = {
						CreatedOnToolsVersion = 11.2.1;
					};
				};
			};
			buildConfigurationList = 1A10438D23A622EA00D1B2DF /* Build configuration list for PBXProject "05-内存管理-面试题" */;
			compatibilityVersion = "Xcode 9.3";
			developmentRegion = en;
			hasScannedForEncodings = 0;
			knownRegions = (
				en,
				Base,
			);
			mainGroup = 1A10438923A622EA00D1B2DF;
			productRefGroup = 1A10439323A622EA00D1B2DF /* Products */;
			projectDirPath = "";
			projectRoot = "";
			targets = (
				1A10439123A622EA00D1B2DF /* 05-内存管理-面试题 */,
			);
		};
/* End PBXProject section */

/* Begin PBXResourcesBuildPhase section */
		1A10439023A622EA00D1B2DF /* Resources */ = {
			isa = PBXResourcesBuildPhase;
			buildActionMask = 2147483647;
			files = (
				1A1043A523A622EB00D1B2DF /* LaunchScreen.storyboard in Resources */,
				1A1043A223A622EB00D1B2DF /* Assets.xcassets in Resources */,
				1A1043A023A622EA00D1B2DF /* Main.storyboard in Resources */,
			);
			runOnlyForDeploymentPostprocessing = 0;
		};
/* End PBXResourcesBuildPhase section */

/* Begin PBXSourcesBuildPhase section */
		1A10438E23A622EA00D1B2DF /* Sources */ = {
			isa = PBXSourcesBuildPhase;
			buildActionMask = 2147483647;
			files = (
				1A10439D23A622EA00D1B2DF /* ViewController.m in Sources */,
				1A10439723A622EA00D1B2DF /* AppDelegate.m in Sources */,
				1A1043A823A622EB00D1B2DF /* main.m in Sources */,
				1A10439A23A622EA00D1B2DF /* SceneDelegate.m in Sources */,
			);
			runOnlyForDeploymentPostprocessing = 0;
		};
/* End PBXSourcesBuildPhase section */

/* Begin PBXVariantGroup section */
		1A10439E23A622EA00D1B2DF /* Main.storyboard */ = {
			isa = PBXVariantGroup;
			children = (
				1A10439F23A622EA00D1B2DF /* Base */,
			);
			name = Main.storyboard;
			sourceTree = "<group>";
		};
		1A1043A323A622EB00D1B2DF /* LaunchScreen.storyboard */ = {
			isa = PBXVariantGroup;
			children = (
				1A1043A423A622EB00D1B2DF /* Base */,
			);
			name = LaunchScreen.storyboard;
			sourceTree = "<group>";
		};
/* End PBXVariantGroup section */

/* Begin XCBuildConfiguration section */
		1A1043A923A622EB00D1B2DF /* Debug */ = {
			isa = XCBuildConfiguration;
			buildSettings = {
				ALWAYS_SEARCH_USER_PATHS = NO;
				CLANG_ANALYZER_NONNULL = YES;
				CLANG_ANALYZER_NUMBER_OBJECT_CONVERSION = YES_AGGRESSIVE;
				CLANG_CXX_LANGUAGE_STANDARD = "gnu++14";
				CLANG_CXX_LIBRARY = "libc++";
				CLANG_ENABLE_MODULES = YES;
				CLANG_ENABLE_OBJC_ARC = YES;
				CLANG_ENABLE_OBJC_WEAK = YES;
				CLANG_WARN_BLOCK_CAPTURE_AUTORELEASING = YES;
				CLANG_WARN_BOOL_CONVERSION = YES;
				CLANG_WARN_COMMA = YES;
				CLANG_WARN_CONSTANT_CONVERSION = YES;
				CLANG_WARN_DEPRECATED_OBJC_IMPLEMENTATIONS = YES;
				CLANG_WARN_DIRECT_OBJC_ISA_USAGE = YES_ERROR;
				CLANG_WARN_DOCUMENTATION_COMMENTS = YES;
				CLANG_WARN_EMPTY_BODY = YES;
				CLANG_WARN_ENUM_CONVERSION = YES;
				CLANG_WARN_INFINITE_RECURSION = YES;
				CLANG_WARN_INT_CONVERSION = YES;
				CLANG_WARN_NON_LITERAL_NULL_CONVERSION = YES;
				CLANG_WARN_OBJC_IMPLICIT_RETAIN_SELF = YES;
				CLANG_WARN_OBJC_LITERAL_CONVERSION = YES;
				CLANG_WARN_OBJC_ROOT_CLASS = YES_ERROR;
				CLANG_WARN_RANGE_LOOP_ANALYSIS = YES;
				CLANG_WARN_STRICT_PROTOTYPES = YES;
				CLANG_WARN_SUSPICIOUS_MOVE = YES;
				CLANG_WARN_UNGUARDED_AVAILABILITY = YES_AGGRESSIVE;
				CLANG_WARN_UNREACHABLE_CODE = YES;
				CLANG_WARN__DUPLICATE_METHOD_MATCH = YES;
				COPY_PHASE_STRIP = NO;
				DEBUG_INFORMATION_FORMAT = dwarf;
				ENABLE_STRICT_OBJC_MSGSEND = YES;
				ENABLE_TESTABILITY = YES;
				GCC_C_LANGUAGE_STANDARD = gnu11;
				GCC_DYNAMIC_NO_PIC = NO;
				GCC_NO_COMMON_BLOCKS = YES;
				GCC_OPTIMIZATION_LEVEL = 0;
				GCC_PREPROCESSOR_DEFINITIONS = (
					"DEBUG=1",
					"$(inherited)",
				);
				GCC_WARN_64_TO_32_BIT_CONVERSION = YES;
				GCC_WARN_ABOUT_RETURN_TYPE = YES_ERROR;
				GCC_WARN_UNDECLARED_SELECTOR = YES;
				GCC_WARN_UNINITIALIZED_AUTOS = YES_AGGRESSIVE;
				GCC_WARN_UNUSED_FUNCTION = YES;
				GCC_WARN_UNUSED_VARIABLE = YES;
				IPHONEOS_DEPLOYMENT_TARGET = 13.2;
				MTL_ENABLE_DEBUG_INFO = INCLUDE_SOURCE;
				MTL_FAST_MATH = YES;
				ONLY_ACTIVE_ARCH = YES;
				SDKROOT = iphoneos;
			};
			name = Debug;
		};
		1A1043AA23A622EB00D1B2DF /* Release */ = {
			isa = XCBuildConfiguration;
			buildSettings = {
				ALWAYS_SEARCH_USER_PATHS = NO;
				CLANG_ANALYZER_NONNULL = YES;
				CLANG_ANALYZER_NUMBER_OBJECT_CONVERSION = YES_AGGRESSIVE;
				CLANG_CXX_LANGUAGE_STANDARD = "gnu++14";
				CLANG_CXX_LIBRARY = "libc++";
				CLANG_ENABLE_MODULES = YES;
				CLANG_ENABLE_OBJC_ARC = YES;
				CLANG_ENABLE_OBJC_WEAK = YES;
				CLANG_WARN_BLOCK_CAPTURE_AUTORELEASING = YES;
				CLANG_WARN_BOOL_CONVERSION = YES;
				CLANG_WARN_COMMA = YES;
				CLANG_WARN_CONSTANT_CONVERSION = YES;
				CLANG_WARN_DEPRECATED_OBJC_IMPLEMENTATIONS = YES;
				CLANG_WARN_DIRECT_OBJC_ISA_USAGE = YES_ERROR;
				CLANG_WARN_DOCUMENTATION_COMMENTS = YES;
				CLANG_WARN_EMPTY_BODY = YES;
				CLANG_WARN_ENUM_CONVERSION = YES;
				CLANG_WARN_INFINITE_RECURSION = YES;
				CLANG_WARN_INT_CONVERSION = YES;
				CLANG_WARN_NON_LITERAL_NULL_CONVERSION = YES;
				CLANG_WARN_OBJC_IMPLICIT_RETAIN_SELF = YES;
				CLANG_WARN_OBJC_LITERAL_CONVERSION = YES;
				CLANG_WARN_OBJC_ROOT_CLASS = YES_ERROR;
				CLANG_WARN_RANGE_LOOP_ANALYSIS = YES;
				CLANG_WARN_STRICT_PROTOTYPES = YES;
				CLANG_WARN_SUSPICIOUS_MOVE = YES;
				CLANG_WARN_UNGUARDED_AVAILABILITY = YES_AGGRESSIVE;
				CLANG_WARN_UNREACHABLE_CODE = YES;
				CLANG_WARN__DUPLICATE_METHOD_MATCH = YES;
				COPY_PHASE_STRIP = NO;
				DEBUG_INFORMATION_FORMAT = "dwarf-with-dsym";
				ENABLE_NS_ASSERTIONS = NO;
				ENABLE_STRICT_OBJC_MSGSEND = YES;
				GCC_C_LANGUAGE_STANDARD = gnu11;
				GCC_NO_COMMON_BLOCKS = YES;
				GCC_WARN_64_TO_32_BIT_CONVERSION = YES;
				GCC_WARN_ABOUT_RETURN_TYPE = YES_ERROR;
				GCC_WARN_UNDECLARED_SELECTOR = YES;
				GCC_WARN_UNINITIALIZED_AUTOS = YES_AGGRESSIVE;
				GCC_WARN_UNUSED_FUNCTION = YES;
				GCC_WARN_UNUSED_VARIABLE = YES;
				IPHONEOS_DEPLOYMENT_TARGET = 13.2;
				MTL_ENABLE_DEBUG_INFO = NO;
				MTL_FAST_MATH = YES;
				SDKROOT = iphoneos;
				VALIDATE_PRODUCT = YES;
			};
			name = Release;
		};
		1A1043AC23A622EB00D1B2DF /* Debug */ = {
			isa = XCBuildConfiguration;
			buildSettings = {
				ASSETCATALOG_COMPILER_APPICON_NAME = AppIcon;
				CODE_SIGN_STYLE = Automatic;
				DEVELOPMENT_TEAM = AH737FZCJM;
				INFOPLIST_FILE = "05-内存管理-面试题/Info.plist";
				IPHONEOS_DEPLOYMENT_TARGET = 10.0;
				LD_RUNPATH_SEARCH_PATHS = (
					"$(inherited)",
					"@executable_path/Frameworks",
				);
				PRODUCT_BUNDLE_IDENTIFIER = "zhoujianping.-5---------";
				PRODUCT_NAME = "$(TARGET_NAME)";
				TARGETED_DEVICE_FAMILY = "1,2";
			};
			name = Debug;
		};
		1A1043AD23A622EB00D1B2DF /* Release */ = {
			isa = XCBuildConfiguration;
			buildSettings = {
				ASSETCATALOG_COMPILER_APPICON_NAME = AppIcon;
				CODE_SIGN_STYLE = Automatic;
				DEVELOPMENT_TEAM = AH737FZCJM;
				INFOPLIST_FILE = "05-内存管理-面试题/Info.plist";
				IPHONEOS_DEPLOYMENT_TARGET = 10.0;
				LD_RUNPATH_SEARCH_PATHS = (
					"$(inherited)",
					"@executable_path/Frameworks",
				);
				PRODUCT_BUNDLE_IDENTIFIER = "zhoujianping.-5---------";
				PRODUCT_NAME = "$(TARGET_NAME)";
				TARGETED_DEVICE_FAMILY = "1,2";
			};
			name = Release;
		};
/* End XCBuildConfiguration section */

/* Begin XCConfigurationList section */
		1A10438D23A622EA00D1B2DF /* Build configuration list for PBXProject "05-内存管理-面试题" */ = {
			isa = XCConfigurationList;
			buildConfigurations = (
				1A1043A923A622EB00D1B2DF /* Debug */,
				1A1043AA23A622EB00D1B2DF /* Release */,
			);
			defaultConfigurationIsVisible = 0;
			defaultConfigurationName = Release;
		};
		1A1043AB23A622EB00D1B2DF /* Build configuration list for PBXNativeTarget "05-内存管理-面试题" */ = {
			isa = XCConfigurationList;
			buildConfigurations = (
				1A1043AC23A622EB00D1B2DF /* Debug */,
				1A1043AD23A622EB00D1B2DF /* Release */,
			);
			defaultConfigurationIsVisible = 0;
			defaultConfigurationName = Release;
		};
/* End XCConfigurationList section */
	};
	rootObject = 1A10438A23A622EA00D1B2DF /* Project object */;
}
